
Microsoft Visual Studio Solution File, Format Version 12.00
# Visual Studio Version 16
VisualStudioVersion = 16.0.31105.61
MinimumVisualStudioVersion = 10.0.40219.1
Project("{2150E333-8FDC-42A3-9474-1A3956D46DE8}") = "TESTING", "TESTING", "{03EE685F-3A7C-4FD3-9397-F106DD730305}"
EndProject
Project("{2150E333-8FDC-42A3-9474-1A3956D46DE8}") = "EIG", "EIG", "{F7F1EEA7-7661-4714-A8EA-52A4E19265BA}"
EndProject
Project("{2150E333-8FDC-42A3-9474-1A3956D46DE8}") = "LIN", "LIN", "{DD15D2AB-7CE3-4AB8-BB4A-C94228167DBA}"
EndProject
Project("{2150E333-8FDC-42A3-9474-1A3956D46DE8}") = "MATGEN", "MATGEN", "{A699B598-755B-496F-A428-9919A9341D66}"
EndProject
Project("{2150E333-8FDC-42A3-9474-1A3956D46DE8}") = "BLAS", "BLAS", "{5A45AE7B-1B44-4E76-9B2C-BA98B09667EE}"
EndProject
Project("{2150E333-8FDC-42A3-9474-1A3956D46DE8}") = "TESTING", "TESTING", "{BC705F53-F03F-4EA6-BE0B-4A3023B2F43D}"
EndProject
Project("{2150E333-8FDC-42A3-9474-1A3956D46DE8}") = "WRAP", "WRAP", "{F0067FF4-E2CC-408B-9027-B454C75DB309}"
EndProject
Project("{8BC9CEB8-8B4A-11D0-8D11-00A0C91BC942}") = "blas_vs2019", "BLAS\blas.vs2019.vcxproj", "{B9F83B5F-9E91-428D-A623-86CE195DB698}"
EndProject
Project("{8BC9CEB8-8B4A-11D0-8D11-00A0C91BC942}") = "clapack_vs2019", "clapack.vs2019.vcxproj", "{C94AE37A-B3BE-4FBC-9288-6740C4ECC432}"
EndProject
Project("{8BC9CEB8-8B4A-11D0-8D11-00A0C91BC942}") = "libf2c_vs2019", "F2CLIBS\libf2c.vs2019.vcxproj", "{2A338F34-FA2F-4D65-8037-E92E25A4C222}"
EndProject
Project("{8BC9CEB8-8B4A-11D0-8D11-00A0C91BC942}") = "tmglib", "TESTING\tmglib.vs2019.vcxproj", "{DD6016A9-8075-41FE-846D-58F771CDD175}"
EndProject
Project("{8BC9CEB8-8B4A-11D0-8D11-00A0C91BC942}") = "xblat2c", "BLAS\TESTING\xblat2c.vs2019.vcxproj", "{68BF6057-0EC9-4F5B-816E-EEC616F66452}"
EndProject
Project("{8BC9CEB8-8B4A-11D0-8D11-00A0C91BC942}") = "xblat2d", "BLAS\TESTING\xblat2d.vs2019.vcxproj", "{51BDA11C-CE7E-4747-BBC0-2D862035FDD8}"
EndProject
Project("{8BC9CEB8-8B4A-11D0-8D11-00A0C91BC942}") = "xblat2s", "BLAS\TESTING\xblat2s.vs2019.vcxproj", "{5C498677-7AA4-484D-A838-2E018B10A45F}"
EndProject
Project("{8BC9CEB8-8B4A-11D0-8D11-00A0C91BC942}") = "xblat2z", "BLAS\TESTING\xblat2z.vs2019.vcxproj", "{BF1CD915-B8D9-4B08-8C1B-CA5AE04C751D}"
EndProject
Project("{8BC9CEB8-8B4A-11D0-8D11-00A0C91BC942}") = "xblat3c", "BLAS\TESTING\xblat3c.vs2019.vcxproj", "{D57E81C4-942F-412E-BC88-F67D7337A841}"
EndProject
Project("{8BC9CEB8-8B4A-11D0-8D11-00A0C91BC942}") = "xblat3d", "BLAS\TESTING\xblat3d.vs2019.vcxproj", "{C3D2E4B5-3D19-48F2-9CD9-A86AF7A3FC97}"
EndProject
Project("{8BC9CEB8-8B4A-11D0-8D11-00A0C91BC942}") = "xblat3s", "BLAS\TESTING\xblat3s.vs2019.vcxproj", "{8422F583-143C-426F-BABC-CF1982A43BCE}"
EndProject
Project("{8BC9CEB8-8B4A-11D0-8D11-00A0C91BC942}") = "xblat3z", "BLAS\TESTING\xblat3z.vs2019.vcxproj", "{01294687-8419-4E3B-AF31-71B694C6A1C6}"
EndProject
Project("{8BC9CEB8-8B4A-11D0-8D11-00A0C91BC942}") = "xeigtstc", "TESTING\xeigtstc.vs2019.vcxproj", "{FE3F87C0-E923-4624-AD38-E4EB10CFC387}"
EndProject
Project("{8BC9CEB8-8B4A-11D0-8D11-00A0C91BC942}") = "xeigtstd", "TESTING\xeigtstd.vs2019.vcxproj", "{F988F72B-F1FA-4794-A961-F19DA946C665}"
EndProject
Project("{8BC9CEB8-8B4A-11D0-8D11-00A0C91BC942}") = "xeigtsts", "TESTING\xeigtsts.vs2019.vcxproj", "{3B9CBBDF-5A91-4E88-98AE-0DB39F908FB9}"
EndProject
Project("{8BC9CEB8-8B4A-11D0-8D11-00A0C91BC942}") = "xeigtstz", "TESTING\xeigtstz.vs2019.vcxproj", "{44353E1B-9043-44A8-A9E7-F358D21AE5ED}"
EndProject
Project("{8BC9CEB8-8B4A-11D0-8D11-00A0C91BC942}") = "xlintstc", "TESTING\xlintstc.vs2019.vcxproj", "{19731F6D-CCD2-480B-BCE5-1E4554D33368}"
EndProject
Project("{8BC9CEB8-8B4A-11D0-8D11-00A0C91BC942}") = "xlintstd", "TESTING\xlintstd.vs2019.vcxproj", "{20FE1A10-96CB-4D54-8FD7-860A94AA8FAC}"
EndProject
Project("{8BC9CEB8-8B4A-11D0-8D11-00A0C91BC942}") = "xlintsts", "TESTING\xlintsts.vs2019.vcxproj", "{49C8A11A-773C-43A3-AB93-B3FD71ECEE2D}"
EndProject
Project("{8BC9CEB8-8B4A-11D0-8D11-00A0C91BC942}") = "xlintstz", "TESTING\xlintstz.vs2019.vcxproj", "{84DE26A6-CD99-4117-9F64-A559BE83CDA4}"
EndProject
Project("{8BC9CEB8-8B4A-11D0-8D11-00A0C91BC942}") = "xlintstds", "TESTING\xlintstds.vs2019.vcxproj", "{40FE1A10-96CB-4D54-8FD7-860A94AA8FAC}"
EndProject
Project("{8BC9CEB8-8B4A-11D0-8D11-00A0C91BC942}") = "xlintstzc", "TESTING\xlintstzc.vs2019.vcxproj", "{39731F6D-CCD2-480B-BCE5-1E4554D33368}"
EndProject
Project("{8BC9CEB8-8B4A-11D0-8D11-00A0C91BC942}") = "cblaswrap_vs2019", "BLAS\WRAP\cblaswrap.vs2019.vcxproj", "{EE6016A9-8075-41FE-846D-58F771CDD175}"
EndProject
Project("{8BC9CEB8-8B4A-11D0-8D11-00A0C91BC942}") = "f77blaswrap_vs2019", "BLAS\WRAP\f77blaswrap.vs2019.vcxproj", "{FF6016A9-8075-41FE-846D-58F771CDD175}"
EndProject
Global
	GlobalSection(SolutionConfigurationPlatforms) = preSolution
		Debug without wrap|Win32 = Debug without wrap|Win32
		Debug without wrap|x64 = Debug without wrap|x64
		Debug|Win32 = Debug|Win32
		Debug|x64 = Debug|x64
		Release without wrap|Win32 = Release without wrap|Win32
		Release without wrap|x64 = Release without wrap|x64
		Release|Win32 = Release|Win32
		Release|x64 = Release|x64
		ReleaseDLL|Win32 = ReleaseDLL|Win32
		ReleaseDLL|x64 = ReleaseDLL|x64
	EndGlobalSection
	GlobalSection(ProjectConfigurationPlatforms) = postSolution
		{B9F83B5F-9E91-428D-A623-86CE195DB698}.Debug without wrap|Win32.ActiveCfg = Debug without wrap|Win32
		{B9F83B5F-9E91-428D-A623-86CE195DB698}.Debug without wrap|Win32.Build.0 = Debug without wrap|Win32
		{B9F83B5F-9E91-428D-A623-86CE195DB698}.Debug without wrap|x64.ActiveCfg = Debug without wrap|x64
		{B9F83B5F-9E91-428D-A623-86CE195DB698}.Debug without wrap|x64.Build.0 = Debug without wrap|x64
		{B9F83B5F-9E91-428D-A623-86CE195DB698}.Debug|Win32.ActiveCfg = Debug|Win32
		{B9F83B5F-9E91-428D-A623-86CE195DB698}.Debug|Win32.Build.0 = Debug|Win32
		{B9F83B5F-9E91-428D-A623-86CE195DB698}.Debug|x64.ActiveCfg = Debug|x64
		{B9F83B5F-9E91-428D-A623-86CE195DB698}.Debug|x64.Build.0 = Debug|x64
		{B9F83B5F-9E91-428D-A623-86CE195DB698}.Release without wrap|Win32.ActiveCfg = Release without wrap|Win32
		{B9F83B5F-9E91-428D-A623-86CE195DB698}.Release without wrap|Win32.Build.0 = Release without wrap|Win32
		{B9F83B5F-9E91-428D-A623-86CE195DB698}.Release without wrap|x64.ActiveCfg = Release without wrap|x64
		{B9F83B5F-9E91-428D-A623-86CE195DB698}.Release without wrap|x64.Build.0 = Release without wrap|x64
		{B9F83B5F-9E91-428D-A623-86CE195DB698}.Release|Win32.ActiveCfg = Release|Win32
		{B9F83B5F-9E91-428D-A623-86CE195DB698}.Release|Win32.Build.0 = Release|Win32
		{B9F83B5F-9E91-428D-A623-86CE195DB698}.Release|x64.ActiveCfg = Release|x64
		{B9F83B5F-9E91-428D-A623-86CE195DB698}.Release|x64.Build.0 = Release|x64
		{B9F83B5F-9E91-428D-A623-86CE195DB698}.ReleaseDLL|Win32.ActiveCfg = ReleaseDLL|Win32
		{B9F83B5F-9E91-428D-A623-86CE195DB698}.ReleaseDLL|Win32.Build.0 = ReleaseDLL|Win32
		{B9F83B5F-9E91-428D-A623-86CE195DB698}.ReleaseDLL|x64.ActiveCfg = ReleaseDLL|x64
		{B9F83B5F-9E91-428D-A623-86CE195DB698}.ReleaseDLL|x64.Build.0 = ReleaseDLL|x64
		{C94AE37A-B3BE-4FBC-9288-6740C4ECC432}.Debug without wrap|Win32.ActiveCfg = Debug without wrap|Win32
		{C94AE37A-B3BE-4FBC-9288-6740C4ECC432}.Debug without wrap|Win32.Build.0 = Debug without wrap|Win32
		{C94AE37A-B3BE-4FBC-9288-6740C4ECC432}.Debug without wrap|x64.ActiveCfg = Debug without wrap|x64
		{C94AE37A-B3BE-4FBC-9288-6740C4ECC432}.Debug without wrap|x64.Build.0 = Debug without wrap|x64
		{C94AE37A-B3BE-4FBC-9288-6740C4ECC432}.Debug|Win32.ActiveCfg = Debug|Win32
		{C94AE37A-B3BE-4FBC-9288-6740C4ECC432}.Debug|Win32.Build.0 = Debug|Win32
		{C94AE37A-B3BE-4FBC-9288-6740C4ECC432}.Debug|x64.ActiveCfg = Debug|x64
		{C94AE37A-B3BE-4FBC-9288-6740C4ECC432}.Debug|x64.Build.0 = Debug|x64
		{C94AE37A-B3BE-4FBC-9288-6740C4ECC432}.Release without wrap|Win32.ActiveCfg = Release without wrap|Win32
		{C94AE37A-B3BE-4FBC-9288-6740C4ECC432}.Release without wrap|Win32.Build.0 = Release without wrap|Win32
		{C94AE37A-B3BE-4FBC-9288-6740C4ECC432}.Release without wrap|x64.ActiveCfg = Release without wrap|x64
		{C94AE37A-B3BE-4FBC-9288-6740C4ECC432}.Release without wrap|x64.Build.0 = Release without wrap|x64
		{C94AE37A-B3BE-4FBC-9288-6740C4ECC432}.Release|Win32.ActiveCfg = Release|Win32
		{C94AE37A-B3BE-4FBC-9288-6740C4ECC432}.Release|Win32.Build.0 = Release|Win32
		{C94AE37A-B3BE-4FBC-9288-6740C4ECC432}.Release|x64.ActiveCfg = Release|x64
		{C94AE37A-B3BE-4FBC-9288-6740C4ECC432}.Release|x64.Build.0 = Release|x64
		{C94AE37A-B3BE-4FBC-9288-6740C4ECC432}.ReleaseDLL|Win32.ActiveCfg = ReleaseDLL|Win32
		{C94AE37A-B3BE-4FBC-9288-6740C4ECC432}.ReleaseDLL|Win32.Build.0 = ReleaseDLL|Win32
		{C94AE37A-B3BE-4FBC-9288-6740C4ECC432}.ReleaseDLL|x64.ActiveCfg = ReleaseDLL|x64
		{C94AE37A-B3BE-4FBC-9288-6740C4ECC432}.ReleaseDLL|x64.Build.0 = ReleaseDLL|x64
		{2A338F34-FA2F-4D65-8037-E92E25A4C222}.Debug without wrap|Win32.ActiveCfg = Debug without wrap|Win32
		{2A338F34-FA2F-4D65-8037-E92E25A4C222}.Debug without wrap|Win32.Build.0 = Debug without wrap|Win32
		{2A338F34-FA2F-4D65-8037-E92E25A4C222}.Debug without wrap|x64.ActiveCfg = Debug without wrap|x64
		{2A338F34-FA2F-4D65-8037-E92E25A4C222}.Debug without wrap|x64.Build.0 = Debug without wrap|x64
		{2A338F34-FA2F-4D65-8037-E92E25A4C222}.Debug|Win32.ActiveCfg = Debug|Win32
		{2A338F34-FA2F-4D65-8037-E92E25A4C222}.Debug|Win32.Build.0 = Debug|Win32
		{2A338F34-FA2F-4D65-8037-E92E25A4C222}.Debug|x64.ActiveCfg = Debug|x64
		{2A338F34-FA2F-4D65-8037-E92E25A4C222}.Debug|x64.Build.0 = Debug|x64
		{2A338F34-FA2F-4D65-8037-E92E25A4C222}.Release without wrap|Win32.ActiveCfg = Release without wrap|Win32
		{2A338F34-FA2F-4D65-8037-E92E25A4C222}.Release without wrap|Win32.Build.0 = Release without wrap|Win32
		{2A338F34-FA2F-4D65-8037-E92E25A4C222}.Release without wrap|x64.ActiveCfg = Release without wrap|x64
		{2A338F34-FA2F-4D65-8037-E92E25A4C222}.Release without wrap|x64.Build.0 = Release without wrap|x64
		{2A338F34-FA2F-4D65-8037-E92E25A4C222}.Release|Win32.ActiveCfg = Release|Win32
		{2A338F34-FA2F-4D65-8037-E92E25A4C222}.Release|Win32.Build.0 = Release|Win32
		{2A338F34-FA2F-4D65-8037-E92E25A4C222}.Release|x64.ActiveCfg = Release|x64
		{2A338F34-FA2F-4D65-8037-E92E25A4C222}.Release|x64.Build.0 = Release|x64
		{2A338F34-FA2F-4D65-8037-E92E25A4C222}.ReleaseDLL|Win32.ActiveCfg = ReleaseDLL|Win32
		{2A338F34-FA2F-4D65-8037-E92E25A4C222}.ReleaseDLL|Win32.Build.0 = ReleaseDLL|Win32
		{2A338F34-FA2F-4D65-8037-E92E25A4C222}.ReleaseDLL|x64.ActiveCfg = ReleaseDLL|x64
		{2A338F34-FA2F-4D65-8037-E92E25A4C222}.ReleaseDLL|x64.Build.0 = ReleaseDLL|x64
		{DD6016A9-8075-41FE-846D-58F771CDD175}.Debug without wrap|Win32.ActiveCfg = Debug without wrap|Win32
		{DD6016A9-8075-41FE-846D-58F771CDD175}.Debug without wrap|Win32.Build.0 = Debug without wrap|Win32
		{DD6016A9-8075-41FE-846D-58F771CDD175}.Debug without wrap|x64.ActiveCfg = Debug without wrap|x64
		{DD6016A9-8075-41FE-846D-58F771CDD175}.Debug without wrap|x64.Build.0 = Debug without wrap|x64
		{DD6016A9-8075-41FE-846D-58F771CDD175}.Debug|Win32.ActiveCfg = Debug|Win32
		{DD6016A9-8075-41FE-846D-58F771CDD175}.Debug|Win32.Build.0 = Debug|Win32
		{DD6016A9-8075-41FE-846D-58F771CDD175}.Debug|x64.ActiveCfg = Debug|x64
		{DD6016A9-8075-41FE-846D-58F771CDD175}.Debug|x64.Build.0 = Debug|x64
		{DD6016A9-8075-41FE-846D-58F771CDD175}.Release without wrap|Win32.ActiveCfg = Release without wrap|Win32
		{DD6016A9-8075-41FE-846D-58F771CDD175}.Release without wrap|Win32.Build.0 = Release without wrap|Win32
		{DD6016A9-8075-41FE-846D-58F771CDD175}.Release without wrap|x64.ActiveCfg = Release without wrap|x64
		{DD6016A9-8075-41FE-846D-58F771CDD175}.Release without wrap|x64.Build.0 = Release without wrap|x64
		{DD6016A9-8075-41FE-846D-58F771CDD175}.Release|Win32.ActiveCfg = Release|Win32
		{DD6016A9-8075-41FE-846D-58F771CDD175}.Release|Win32.Build.0 = Release|Win32
		{DD6016A9-8075-41FE-846D-58F771CDD175}.Release|x64.ActiveCfg = Release|x64
		{DD6016A9-8075-41FE-846D-58F771CDD175}.Release|x64.Build.0 = Release|x64
		{DD6016A9-8075-41FE-846D-58F771CDD175}.ReleaseDLL|Win32.ActiveCfg = ReleaseDLL|Win32
		{DD6016A9-8075-41FE-846D-58F771CDD175}.ReleaseDLL|Win32.Build.0 = ReleaseDLL|Win32
		{DD6016A9-8075-41FE-846D-58F771CDD175}.ReleaseDLL|x64.ActiveCfg = ReleaseDLL|x64
		{DD6016A9-8075-41FE-846D-58F771CDD175}.ReleaseDLL|x64.Build.0 = ReleaseDLL|x64
		{68BF6057-0EC9-4F5B-816E-EEC616F66452}.Debug without wrap|Win32.ActiveCfg = Debug without wrap|Win32
		{68BF6057-0EC9-4F5B-816E-EEC616F66452}.Debug without wrap|Win32.Build.0 = Debug without wrap|Win32
		{68BF6057-0EC9-4F5B-816E-EEC616F66452}.Debug without wrap|x64.ActiveCfg = Debug without wrap|x64
		{68BF6057-0EC9-4F5B-816E-EEC616F66452}.Debug without wrap|x64.Build.0 = Debug without wrap|x64
		{68BF6057-0EC9-4F5B-816E-EEC616F66452}.Debug|Win32.ActiveCfg = Debug|Win32
		{68BF6057-0EC9-4F5B-816E-EEC616F66452}.Debug|Win32.Build.0 = Debug|Win32
		{68BF6057-0EC9-4F5B-816E-EEC616F66452}.Debug|x64.ActiveCfg = Debug|x64
		{68BF6057-0EC9-4F5B-816E-EEC616F66452}.Debug|x64.Build.0 = Debug|x64
		{68BF6057-0EC9-4F5B-816E-EEC616F66452}.Release without wrap|Win32.ActiveCfg = Release without wrap|Win32
		{68BF6057-0EC9-4F5B-816E-EEC616F66452}.Release without wrap|Win32.Build.0 = Release without wrap|Win32
		{68BF6057-0EC9-4F5B-816E-EEC616F66452}.Release without wrap|x64.ActiveCfg = Release without wrap|x64
		{68BF6057-0EC9-4F5B-816E-EEC616F66452}.Release without wrap|x64.Build.0 = Release without wrap|x64
		{68BF6057-0EC9-4F5B-816E-EEC616F66452}.Release|Win32.ActiveCfg = Release|Win32
		{68BF6057-0EC9-4F5B-816E-EEC616F66452}.Release|Win32.Build.0 = Release|Win32
		{68BF6057-0EC9-4F5B-816E-EEC616F66452}.Release|x64.ActiveCfg = Release|x64
		{68BF6057-0EC9-4F5B-816E-EEC616F66452}.Release|x64.Build.0 = Release|x64
		{68BF6057-0EC9-4F5B-816E-EEC616F66452}.ReleaseDLL|Win32.ActiveCfg = ReleaseDLL|Win32
		{68BF6057-0EC9-4F5B-816E-EEC616F66452}.ReleaseDLL|Win32.Build.0 = ReleaseDLL|Win32
		{68BF6057-0EC9-4F5B-816E-EEC616F66452}.ReleaseDLL|x64.ActiveCfg = ReleaseDLL|x64
		{68BF6057-0EC9-4F5B-816E-EEC616F66452}.ReleaseDLL|x64.Build.0 = ReleaseDLL|x64
		{51BDA11C-CE7E-4747-BBC0-2D862035FDD8}.Debug without wrap|Win32.ActiveCfg = Debug without wrap|Win32
		{51BDA11C-CE7E-4747-BBC0-2D862035FDD8}.Debug without wrap|Win32.Build.0 = Debug without wrap|Win32
		{51BDA11C-CE7E-4747-BBC0-2D862035FDD8}.Debug without wrap|x64.ActiveCfg = Debug without wrap|x64
		{51BDA11C-CE7E-4747-BBC0-2D862035FDD8}.Debug without wrap|x64.Build.0 = Debug without wrap|x64
		{51BDA11C-CE7E-4747-BBC0-2D862035FDD8}.Debug|Win32.ActiveCfg = Debug|Win32
		{51BDA11C-CE7E-4747-BBC0-2D862035FDD8}.Debug|Win32.Build.0 = Debug|Win32
		{51BDA11C-CE7E-4747-BBC0-2D862035FDD8}.Debug|x64.ActiveCfg = Debug|x64
		{51BDA11C-CE7E-4747-BBC0-2D862035FDD8}.Debug|x64.Build.0 = Debug|x64
		{51BDA11C-CE7E-4747-BBC0-2D862035FDD8}.Release without wrap|Win32.ActiveCfg = Release without wrap|Win32
		{51BDA11C-CE7E-4747-BBC0-2D862035FDD8}.Release without wrap|Win32.Build.0 = Release without wrap|Win32
		{51BDA11C-CE7E-4747-BBC0-2D862035FDD8}.Release without wrap|x64.ActiveCfg = Release without wrap|x64
		{51BDA11C-CE7E-4747-BBC0-2D862035FDD8}.Release without wrap|x64.Build.0 = Release without wrap|x64
		{51BDA11C-CE7E-4747-BBC0-2D862035FDD8}.Release|Win32.ActiveCfg = Release|Win32
		{51BDA11C-CE7E-4747-BBC0-2D862035FDD8}.Release|Win32.Build.0 = Release|Win32
		{51BDA11C-CE7E-4747-BBC0-2D862035FDD8}.Release|x64.ActiveCfg = Release|x64
		{51BDA11C-CE7E-4747-BBC0-2D862035FDD8}.Release|x64.Build.0 = Release|x64
		{51BDA11C-CE7E-4747-BBC0-2D862035FDD8}.ReleaseDLL|Win32.ActiveCfg = ReleaseDLL|Win32
		{51BDA11C-CE7E-4747-BBC0-2D862035FDD8}.ReleaseDLL|Win32.Build.0 = ReleaseDLL|Win32
		{51BDA11C-CE7E-4747-BBC0-2D862035FDD8}.ReleaseDLL|x64.ActiveCfg = ReleaseDLL|x64
		{51BDA11C-CE7E-4747-BBC0-2D862035FDD8}.ReleaseDLL|x64.Build.0 = ReleaseDLL|x64
		{5C498677-7AA4-484D-A838-2E018B10A45F}.Debug without wrap|Win32.ActiveCfg = Debug without wrap|Win32
		{5C498677-7AA4-484D-A838-2E018B10A45F}.Debug without wrap|Win32.Build.0 = Debug without wrap|Win32
		{5C498677-7AA4-484D-A838-2E018B10A45F}.Debug without wrap|x64.ActiveCfg = Debug without wrap|x64
		{5C498677-7AA4-484D-A838-2E018B10A45F}.Debug without wrap|x64.Build.0 = Debug without wrap|x64
		{5C498677-7AA4-484D-A838-2E018B10A45F}.Debug|Win32.ActiveCfg = Debug|Win32
		{5C498677-7AA4-484D-A838-2E018B10A45F}.Debug|Win32.Build.0 = Debug|Win32
		{5C498677-7AA4-484D-A838-2E018B10A45F}.Debug|x64.ActiveCfg = Debug|x64
		{5C498677-7AA4-484D-A838-2E018B10A45F}.Debug|x64.Build.0 = Debug|x64
		{5C498677-7AA4-484D-A838-2E018B10A45F}.Release without wrap|Win32.ActiveCfg = Release without wrap|Win32
		{5C498677-7AA4-484D-A838-2E018B10A45F}.Release without wrap|Win32.Build.0 = Release without wrap|Win32
		{5C498677-7AA4-484D-A838-2E018B10A45F}.Release without wrap|x64.ActiveCfg = Release without wrap|x64
		{5C498677-7AA4-484D-A838-2E018B10A45F}.Release without wrap|x64.Build.0 = Release without wrap|x64
		{5C498677-7AA4-484D-A838-2E018B10A45F}.Release|Win32.ActiveCfg = Release|Win32
		{5C498677-7AA4-484D-A838-2E018B10A45F}.Release|Win32.Build.0 = Release|Win32
		{5C498677-7AA4-484D-A838-2E018B10A45F}.Release|x64.ActiveCfg = Release|x64
		{5C498677-7AA4-484D-A838-2E018B10A45F}.Release|x64.Build.0 = Release|x64
		{5C498677-7AA4-484D-A838-2E018B10A45F}.ReleaseDLL|Win32.ActiveCfg = ReleaseDLL|Win32
		{5C498677-7AA4-484D-A838-2E018B10A45F}.ReleaseDLL|Win32.Build.0 = ReleaseDLL|Win32
		{5C498677-7AA4-484D-A838-2E018B10A45F}.ReleaseDLL|x64.ActiveCfg = ReleaseDLL|x64
		{5C498677-7AA4-484D-A838-2E018B10A45F}.ReleaseDLL|x64.Build.0 = ReleaseDLL|x64
		{BF1CD915-B8D9-4B08-8C1B-CA5AE04C751D}.Debug without wrap|Win32.ActiveCfg = Debug without wrap|Win32
		{BF1CD915-B8D9-4B08-8C1B-CA5AE04C751D}.Debug without wrap|Win32.Build.0 = Debug without wrap|Win32
		{BF1CD915-B8D9-4B08-8C1B-CA5AE04C751D}.Debug without wrap|x64.ActiveCfg = Debug without wrap|x64
		{BF1CD915-B8D9-4B08-8C1B-CA5AE04C751D}.Debug without wrap|x64.Build.0 = Debug without wrap|x64
		{BF1CD915-B8D9-4B08-8C1B-CA5AE04C751D}.Debug|Win32.ActiveCfg = Debug|Win32
		{BF1CD915-B8D9-4B08-8C1B-CA5AE04C751D}.Debug|Win32.Build.0 = Debug|Win32
		{BF1CD915-B8D9-4B08-8C1B-CA5AE04C751D}.Debug|x64.ActiveCfg = Debug|x64
		{BF1CD915-B8D9-4B08-8C1B-CA5AE04C751D}.Debug|x64.Build.0 = Debug|x64
		{BF1CD915-B8D9-4B08-8C1B-CA5AE04C751D}.Release without wrap|Win32.ActiveCfg = Release without wrap|Win32
		{BF1CD915-B8D9-4B08-8C1B-CA5AE04C751D}.Release without wrap|Win32.Build.0 = Release without wrap|Win32
		{BF1CD915-B8D9-4B08-8C1B-CA5AE04C751D}.Release without wrap|x64.ActiveCfg = Release without wrap|x64
		{BF1CD915-B8D9-4B08-8C1B-CA5AE04C751D}.Release without wrap|x64.Build.0 = Release without wrap|x64
		{BF1CD915-B8D9-4B08-8C1B-CA5AE04C751D}.Release|Win32.ActiveCfg = Release|Win32
		{BF1CD915-B8D9-4B08-8C1B-CA5AE04C751D}.Release|Win32.Build.0 = Release|Win32
		{BF1CD915-B8D9-4B08-8C1B-CA5AE04C751D}.Release|x64.ActiveCfg = Release|x64
		{BF1CD915-B8D9-4B08-8C1B-CA5AE04C751D}.Release|x64.Build.0 = Release|x64
		{BF1CD915-B8D9-4B08-8C1B-CA5AE04C751D}.ReleaseDLL|Win32.ActiveCfg = ReleaseDLL|Win32
		{BF1CD915-B8D9-4B08-8C1B-CA5AE04C751D}.ReleaseDLL|Win32.Build.0 = ReleaseDLL|Win32
		{BF1CD915-B8D9-4B08-8C1B-CA5AE04C751D}.ReleaseDLL|x64.ActiveCfg = ReleaseDLL|x64
		{BF1CD915-B8D9-4B08-8C1B-CA5AE04C751D}.ReleaseDLL|x64.Build.0 = ReleaseDLL|x64
		{D57E81C4-942F-412E-BC88-F67D7337A841}.Debug without wrap|Win32.ActiveCfg = Debug without wrap|Win32
		{D57E81C4-942F-412E-BC88-F67D7337A841}.Debug without wrap|Win32.Build.0 = Debug without wrap|Win32
		{D57E81C4-942F-412E-BC88-F67D7337A841}.Debug without wrap|x64.ActiveCfg = Debug without wrap|x64
		{D57E81C4-942F-412E-BC88-F67D7337A841}.Debug without wrap|x64.Build.0 = Debug without wrap|x64
		{D57E81C4-942F-412E-BC88-F67D7337A841}.Debug|Win32.ActiveCfg = Debug|Win32
		{D57E81C4-942F-412E-BC88-F67D7337A841}.Debug|Win32.Build.0 = Debug|Win32
		{D57E81C4-942F-412E-BC88-F67D7337A841}.Debug|x64.ActiveCfg = Debug|x64
		{D57E81C4-942F-412E-BC88-F67D7337A841}.Debug|x64.Build.0 = Debug|x64
		{D57E81C4-942F-412E-BC88-F67D7337A841}.Release without wrap|Win32.ActiveCfg = Release without wrap|Win32
		{D57E81C4-942F-412E-BC88-F67D7337A841}.Release without wrap|Win32.Build.0 = Release without wrap|Win32
		{D57E81C4-942F-412E-BC88-F67D7337A841}.Release without wrap|x64.ActiveCfg = Release without wrap|x64
		{D57E81C4-942F-412E-BC88-F67D7337A841}.Release without wrap|x64.Build.0 = Release without wrap|x64
		{D57E81C4-942F-412E-BC88-F67D7337A841}.Release|Win32.ActiveCfg = Release|Win32
		{D57E81C4-942F-412E-BC88-F67D7337A841}.Release|Win32.Build.0 = Release|Win32
		{D57E81C4-942F-412E-BC88-F67D7337A841}.Release|x64.ActiveCfg = Release|x64
		{D57E81C4-942F-412E-BC88-F67D7337A841}.Release|x64.Build.0 = Release|x64
		{D57E81C4-942F-412E-BC88-F67D7337A841}.ReleaseDLL|Win32.ActiveCfg = ReleaseDLL|Win32
		{D57E81C4-942F-412E-BC88-F67D7337A841}.ReleaseDLL|Win32.Build.0 = ReleaseDLL|Win32
		{D57E81C4-942F-412E-BC88-F67D7337A841}.ReleaseDLL|x64.ActiveCfg = ReleaseDLL|x64
		{D57E81C4-942F-412E-BC88-F67D7337A841}.ReleaseDLL|x64.Build.0 = ReleaseDLL|x64
		{C3D2E4B5-3D19-48F2-9CD9-A86AF7A3FC97}.Debug without wrap|Win32.ActiveCfg = Debug without wrap|Win32
		{C3D2E4B5-3D19-48F2-9CD9-A86AF7A3FC97}.Debug without wrap|Win32.Build.0 = Debug without wrap|Win32
		{C3D2E4B5-3D19-48F2-9CD9-A86AF7A3FC97}.Debug without wrap|x64.ActiveCfg = Debug without wrap|x64
		{C3D2E4B5-3D19-48F2-9CD9-A86AF7A3FC97}.Debug without wrap|x64.Build.0 = Debug without wrap|x64
		{C3D2E4B5-3D19-48F2-9CD9-A86AF7A3FC97}.Debug|Win32.ActiveCfg = Debug|Win32
		{C3D2E4B5-3D19-48F2-9CD9-A86AF7A3FC97}.Debug|Win32.Build.0 = Debug|Win32
		{C3D2E4B5-3D19-48F2-9CD9-A86AF7A3FC97}.Debug|x64.ActiveCfg = Debug|x64
		{C3D2E4B5-3D19-48F2-9CD9-A86AF7A3FC97}.Debug|x64.Build.0 = Debug|x64
		{C3D2E4B5-3D19-48F2-9CD9-A86AF7A3FC97}.Release without wrap|Win32.ActiveCfg = Release without wrap|Win32
		{C3D2E4B5-3D19-48F2-9CD9-A86AF7A3FC97}.Release without wrap|Win32.Build.0 = Release without wrap|Win32
		{C3D2E4B5-3D19-48F2-9CD9-A86AF7A3FC97}.Release without wrap|x64.ActiveCfg = Release without wrap|x64
		{C3D2E4B5-3D19-48F2-9CD9-A86AF7A3FC97}.Release without wrap|x64.Build.0 = Release without wrap|x64
		{C3D2E4B5-3D19-48F2-9CD9-A86AF7A3FC97}.Release|Win32.ActiveCfg = Release|Win32
		{C3D2E4B5-3D19-48F2-9CD9-A86AF7A3FC97}.Release|Win32.Build.0 = Release|Win32
		{C3D2E4B5-3D19-48F2-9CD9-A86AF7A3FC97}.Release|x64.ActiveCfg = Release|x64
		{C3D2E4B5-3D19-48F2-9CD9-A86AF7A3FC97}.Release|x64.Build.0 = Release|x64
		{C3D2E4B5-3D19-48F2-9CD9-A86AF7A3FC97}.ReleaseDLL|Win32.ActiveCfg = ReleaseDLL|Win32
		{C3D2E4B5-3D19-48F2-9CD9-A86AF7A3FC97}.ReleaseDLL|Win32.Build.0 = ReleaseDLL|Win32
		{C3D2E4B5-3D19-48F2-9CD9-A86AF7A3FC97}.ReleaseDLL|x64.ActiveCfg = ReleaseDLL|x64
		{C3D2E4B5-3D19-48F2-9CD9-A86AF7A3FC97}.ReleaseDLL|x64.Build.0 = ReleaseDLL|x64
		{8422F583-143C-426F-BABC-CF1982A43BCE}.Debug without wrap|Win32.ActiveCfg = Debug without wrap|Win32
		{8422F583-143C-426F-BABC-CF1982A43BCE}.Debug without wrap|Win32.Build.0 = Debug without wrap|Win32
		{8422F583-143C-426F-BABC-CF1982A43BCE}.Debug without wrap|x64.ActiveCfg = Debug without wrap|x64
		{8422F583-143C-426F-BABC-CF1982A43BCE}.Debug without wrap|x64.Build.0 = Debug without wrap|x64
		{8422F583-143C-426F-BABC-CF1982A43BCE}.Debug|Win32.ActiveCfg = Debug|Win32
		{8422F583-143C-426F-BABC-CF1982A43BCE}.Debug|Win32.Build.0 = Debug|Win32
		{8422F583-143C-426F-BABC-CF1982A43BCE}.Debug|x64.ActiveCfg = Debug|x64
		{8422F583-143C-426F-BABC-CF1982A43BCE}.Debug|x64.Build.0 = Debug|x64
		{8422F583-143C-426F-BABC-CF1982A43BCE}.Release without wrap|Win32.ActiveCfg = Release without wrap|Win32
		{8422F583-143C-426F-BABC-CF1982A43BCE}.Release without wrap|Win32.Build.0 = Release without wrap|Win32
		{8422F583-143C-426F-BABC-CF1982A43BCE}.Release without wrap|x64.ActiveCfg = Release without wrap|x64
		{8422F583-143C-426F-BABC-CF1982A43BCE}.Release without wrap|x64.Build.0 = Release without wrap|x64
		{8422F583-143C-426F-BABC-CF1982A43BCE}.Release|Win32.ActiveCfg = Release|Win32
		{8422F583-143C-426F-BABC-CF1982A43BCE}.Release|Win32.Build.0 = Release|Win32
		{8422F583-143C-426F-BABC-CF1982A43BCE}.Release|x64.ActiveCfg = Release|x64
		{8422F583-143C-426F-BABC-CF1982A43BCE}.Release|x64.Build.0 = Release|x64
		{8422F583-143C-426F-BABC-CF1982A43BCE}.ReleaseDLL|Win32.ActiveCfg = ReleaseDLL|Win32
		{8422F583-143C-426F-BABC-CF1982A43BCE}.ReleaseDLL|Win32.Build.0 = ReleaseDLL|Win32
		{8422F583-143C-426F-BABC-CF1982A43BCE}.ReleaseDLL|x64.ActiveCfg = ReleaseDLL|x64
		{8422F583-143C-426F-BABC-CF1982A43BCE}.ReleaseDLL|x64.Build.0 = ReleaseDLL|x64
		{01294687-8419-4E3B-AF31-71B694C6A1C6}.Debug without wrap|Win32.ActiveCfg = Debug without wrap|Win32
		{01294687-8419-4E3B-AF31-71B694C6A1C6}.Debug without wrap|Win32.Build.0 = Debug without wrap|Win32
		{01294687-8419-4E3B-AF31-71B694C6A1C6}.Debug without wrap|x64.ActiveCfg = Debug without wrap|x64
		{01294687-8419-4E3B-AF31-71B694C6A1C6}.Debug without wrap|x64.Build.0 = Debug without wrap|x64
		{01294687-8419-4E3B-AF31-71B694C6A1C6}.Debug|Win32.ActiveCfg = Debug|Win32
		{01294687-8419-4E3B-AF31-71B694C6A1C6}.Debug|Win32.Build.0 = Debug|Win32
		{01294687-8419-4E3B-AF31-71B694C6A1C6}.Debug|x64.ActiveCfg = Debug|x64
		{01294687-8419-4E3B-AF31-71B694C6A1C6}.Debug|x64.Build.0 = Debug|x64
		{01294687-8419-4E3B-AF31-71B694C6A1C6}.Release without wrap|Win32.ActiveCfg = Release without wrap|Win32
		{01294687-8419-4E3B-AF31-71B694C6A1C6}.Release without wrap|Win32.Build.0 = Release without wrap|Win32
		{01294687-8419-4E3B-AF31-71B694C6A1C6}.Release without wrap|x64.ActiveCfg = Release without wrap|x64
		{01294687-8419-4E3B-AF31-71B694C6A1C6}.Release without wrap|x64.Build.0 = Release without wrap|x64
		{01294687-8419-4E3B-AF31-71B694C6A1C6}.Release|Win32.ActiveCfg = Release|Win32
		{01294687-8419-4E3B-AF31-71B694C6A1C6}.Release|Win32.Build.0 = Release|Win32
		{01294687-8419-4E3B-AF31-71B694C6A1C6}.Release|x64.ActiveCfg = Release|x64
		{01294687-8419-4E3B-AF31-71B694C6A1C6}.Release|x64.Build.0 = Release|x64
		{01294687-8419-4E3B-AF31-71B694C6A1C6}.ReleaseDLL|Win32.ActiveCfg = ReleaseDLL|Win32
		{01294687-8419-4E3B-AF31-71B694C6A1C6}.ReleaseDLL|Win32.Build.0 = ReleaseDLL|Win32
		{01294687-8419-4E3B-AF31-71B694C6A1C6}.ReleaseDLL|x64.ActiveCfg = ReleaseDLL|x64
		{01294687-8419-4E3B-AF31-71B694C6A1C6}.ReleaseDLL|x64.Build.0 = ReleaseDLL|x64
		{FE3F87C0-E923-4624-AD38-E4EB10CFC387}.Debug without wrap|Win32.ActiveCfg = Debug without wrap|Win32
		{FE3F87C0-E923-4624-AD38-E4EB10CFC387}.Debug without wrap|Win32.Build.0 = Debug without wrap|Win32
		{FE3F87C0-E923-4624-AD38-E4EB10CFC387}.Debug without wrap|x64.ActiveCfg = Debug without wrap|x64
		{FE3F87C0-E923-4624-AD38-E4EB10CFC387}.Debug without wrap|x64.Build.0 = Debug without wrap|x64
		{FE3F87C0-E923-4624-AD38-E4EB10CFC387}.Debug|Win32.ActiveCfg = Debug|Win32
		{FE3F87C0-E923-4624-AD38-E4EB10CFC387}.Debug|Win32.Build.0 = Debug|Win32
		{FE3F87C0-E923-4624-AD38-E4EB10CFC387}.Debug|x64.ActiveCfg = Debug|x64
		{FE3F87C0-E923-4624-AD38-E4EB10CFC387}.Debug|x64.Build.0 = Debug|x64
		{FE3F87C0-E923-4624-AD38-E4EB10CFC387}.Release without wrap|Win32.ActiveCfg = Release without wrap|Win32
		{FE3F87C0-E923-4624-AD38-E4EB10CFC387}.Release without wrap|Win32.Build.0 = Release without wrap|Win32
		{FE3F87C0-E923-4624-AD38-E4EB10CFC387}.Release without wrap|x64.ActiveCfg = Release without wrap|x64
		{FE3F87C0-E923-4624-AD38-E4EB10CFC387}.Release without wrap|x64.Build.0 = Release without wrap|x64
		{FE3F87C0-E923-4624-AD38-E4EB10CFC387}.Release|Win32.ActiveCfg = Release|Win32
		{FE3F87C0-E923-4624-AD38-E4EB10CFC387}.Release|Win32.Build.0 = Release|Win32
		{FE3F87C0-E923-4624-AD38-E4EB10CFC387}.Release|x64.ActiveCfg = Release|x64
		{FE3F87C0-E923-4624-AD38-E4EB10CFC387}.Release|x64.Build.0 = Release|x64
		{FE3F87C0-E923-4624-AD38-E4EB10CFC387}.ReleaseDLL|Win32.ActiveCfg = ReleaseDLL|Win32
		{FE3F87C0-E923-4624-AD38-E4EB10CFC387}.ReleaseDLL|Win32.Build.0 = ReleaseDLL|Win32
		{FE3F87C0-E923-4624-AD38-E4EB10CFC387}.ReleaseDLL|x64.ActiveCfg = ReleaseDLL|x64
		{FE3F87C0-E923-4624-AD38-E4EB10CFC387}.ReleaseDLL|x64.Build.0 = ReleaseDLL|x64
		{F988F72B-F1FA-4794-A961-F19DA946C665}.Debug without wrap|Win32.ActiveCfg = Debug without wrap|Win32
		{F988F72B-F1FA-4794-A961-F19DA946C665}.Debug without wrap|Win32.Build.0 = Debug without wrap|Win32
		{F988F72B-F1FA-4794-A961-F19DA946C665}.Debug without wrap|x64.ActiveCfg = Debug without wrap|x64
		{F988F72B-F1FA-4794-A961-F19DA946C665}.Debug without wrap|x64.Build.0 = Debug without wrap|x64
		{F988F72B-F1FA-4794-A961-F19DA946C665}.Debug|Win32.ActiveCfg = Debug|Win32
		{F988F72B-F1FA-4794-A961-F19DA946C665}.Debug|Win32.Build.0 = Debug|Win32
		{F988F72B-F1FA-4794-A961-F19DA946C665}.Debug|x64.ActiveCfg = Debug|x64
		{F988F72B-F1FA-4794-A961-F19DA946C665}.Debug|x64.Build.0 = Debug|x64
		{F988F72B-F1FA-4794-A961-F19DA946C665}.Release without wrap|Win32.ActiveCfg = Release without wrap|Win32
		{F988F72B-F1FA-4794-A961-F19DA946C665}.Release without wrap|Win32.Build.0 = Release without wrap|Win32
		{F988F72B-F1FA-4794-A961-F19DA946C665}.Release without wrap|x64.ActiveCfg = Release without wrap|x64
		{F988F72B-F1FA-4794-A961-F19DA946C665}.Release without wrap|x64.Build.0 = Release without wrap|x64
		{F988F72B-F1FA-4794-A961-F19DA946C665}.Release|Win32.ActiveCfg = Release|Win32
		{F988F72B-F1FA-4794-A961-F19DA946C665}.Release|Win32.Build.0 = Release|Win32
		{F988F72B-F1FA-4794-A961-F19DA946C665}.Release|x64.ActiveCfg = Release|x64
		{F988F72B-F1FA-4794-A961-F19DA946C665}.Release|x64.Build.0 = Release|x64
		{F988F72B-F1FA-4794-A961-F19DA946C665}.ReleaseDLL|Win32.ActiveCfg = ReleaseDLL|Win32
		{F988F72B-F1FA-4794-A961-F19DA946C665}.ReleaseDLL|Win32.Build.0 = ReleaseDLL|Win32
		{F988F72B-F1FA-4794-A961-F19DA946C665}.ReleaseDLL|x64.ActiveCfg = ReleaseDLL|x64
		{F988F72B-F1FA-4794-A961-F19DA946C665}.ReleaseDLL|x64.Build.0 = ReleaseDLL|x64
		{3B9CBBDF-5A91-4E88-98AE-0DB39F908FB9}.Debug without wrap|Win32.ActiveCfg = Debug without wrap|Win32
		{3B9CBBDF-5A91-4E88-98AE-0DB39F908FB9}.Debug without wrap|Win32.Build.0 = Debug without wrap|Win32
		{3B9CBBDF-5A91-4E88-98AE-0DB39F908FB9}.Debug without wrap|x64.ActiveCfg = Debug without wrap|x64
		{3B9CBBDF-5A91-4E88-98AE-0DB39F908FB9}.Debug without wrap|x64.Build.0 = Debug without wrap|x64
		{3B9CBBDF-5A91-4E88-98AE-0DB39F908FB9}.Debug|Win32.ActiveCfg = Debug|Win32
		{3B9CBBDF-5A91-4E88-98AE-0DB39F908FB9}.Debug|Win32.Build.0 = Debug|Win32
		{3B9CBBDF-5A91-4E88-98AE-0DB39F908FB9}.Debug|x64.ActiveCfg = Debug|x64
		{3B9CBBDF-5A91-4E88-98AE-0DB39F908FB9}.Debug|x64.Build.0 = Debug|x64
		{3B9CBBDF-5A91-4E88-98AE-0DB39F908FB9}.Release without wrap|Win32.ActiveCfg = Release without wrap|Win32
		{3B9CBBDF-5A91-4E88-98AE-0DB39F908FB9}.Release without wrap|Win32.Build.0 = Release without wrap|Win32
		{3B9CBBDF-5A91-4E88-98AE-0DB39F908FB9}.Release without wrap|x64.ActiveCfg = Release without wrap|x64
		{3B9CBBDF-5A91-4E88-98AE-0DB39F908FB9}.Release without wrap|x64.Build.0 = Release without wrap|x64
		{3B9CBBDF-5A91-4E88-98AE-0DB39F908FB9}.Release|Win32.ActiveCfg = Release|Win32
		{3B9CBBDF-5A91-4E88-98AE-0DB39F908FB9}.Release|Win32.Build.0 = Release|Win32
		{3B9CBBDF-5A91-4E88-98AE-0DB39F908FB9}.Release|x64.ActiveCfg = Release|x64
		{3B9CBBDF-5A91-4E88-98AE-0DB39F908FB9}.Release|x64.Build.0 = Release|x64
		{3B9CBBDF-5A91-4E88-98AE-0DB39F908FB9}.ReleaseDLL|Win32.ActiveCfg = ReleaseDLL|Win32
		{3B9CBBDF-5A91-4E88-98AE-0DB39F908FB9}.ReleaseDLL|Win32.Build.0 = ReleaseDLL|Win32
		{3B9CBBDF-5A91-4E88-98AE-0DB39F908FB9}.ReleaseDLL|x64.ActiveCfg = ReleaseDLL|x64
		{3B9CBBDF-5A91-4E88-98AE-0DB39F908FB9}.ReleaseDLL|x64.Build.0 = ReleaseDLL|x64
		{44353E1B-9043-44A8-A9E7-F358D21AE5ED}.Debug without wrap|Win32.ActiveCfg = Debug without wrap|Win32
		{44353E1B-9043-44A8-A9E7-F358D21AE5ED}.Debug without wrap|Win32.Build.0 = Debug without wrap|Win32
		{44353E1B-9043-44A8-A9E7-F358D21AE5ED}.Debug without wrap|x64.ActiveCfg = Debug without wrap|x64
		{44353E1B-9043-44A8-A9E7-F358D21AE5ED}.Debug without wrap|x64.Build.0 = Debug without wrap|x64
		{44353E1B-9043-44A8-A9E7-F358D21AE5ED}.Debug|Win32.ActiveCfg = Debug|Win32
		{44353E1B-9043-44A8-A9E7-F358D21AE5ED}.Debug|Win32.Build.0 = Debug|Win32
		{44353E1B-9043-44A8-A9E7-F358D21AE5ED}.Debug|x64.ActiveCfg = Debug|x64
		{44353E1B-9043-44A8-A9E7-F358D21AE5ED}.Debug|x64.Build.0 = Debug|x64
		{44353E1B-9043-44A8-A9E7-F358D21AE5ED}.Release without wrap|Win32.ActiveCfg = Release without wrap|Win32
		{44353E1B-9043-44A8-A9E7-F358D21AE5ED}.Release without wrap|Win32.Build.0 = Release without wrap|Win32
		{44353E1B-9043-44A8-A9E7-F358D21AE5ED}.Release without wrap|x64.ActiveCfg = Release without wrap|x64
		{44353E1B-9043-44A8-A9E7-F358D21AE5ED}.Release without wrap|x64.Build.0 = Release without wrap|x64
		{44353E1B-9043-44A8-A9E7-F358D21AE5ED}.Release|Win32.ActiveCfg = Release|Win32
		{44353E1B-9043-44A8-A9E7-F358D21AE5ED}.Release|Win32.Build.0 = Release|Win32
		{44353E1B-9043-44A8-A9E7-F358D21AE5ED}.Release|x64.ActiveCfg = Release|x64
		{44353E1B-9043-44A8-A9E7-F358D21AE5ED}.Release|x64.Build.0 = Release|x64
		{44353E1B-9043-44A8-A9E7-F358D21AE5ED}.ReleaseDLL|Win32.ActiveCfg = ReleaseDLL|Win32
		{44353E1B-9043-44A8-A9E7-F358D21AE5ED}.ReleaseDLL|Win32.Build.0 = ReleaseDLL|Win32
		{44353E1B-9043-44A8-A9E7-F358D21AE5ED}.ReleaseDLL|x64.ActiveCfg = ReleaseDLL|x64
		{44353E1B-9043-44A8-A9E7-F358D21AE5ED}.ReleaseDLL|x64.Build.0 = ReleaseDLL|x64
		{19731F6D-CCD2-480B-BCE5-1E4554D33368}.Debug without wrap|Win32.ActiveCfg = Debug without wrap|Win32
		{19731F6D-CCD2-480B-BCE5-1E4554D33368}.Debug without wrap|Win32.Build.0 = Debug without wrap|Win32
		{19731F6D-CCD2-480B-BCE5-1E4554D33368}.Debug without wrap|x64.ActiveCfg = Debug without wrap|x64
		{19731F6D-CCD2-480B-BCE5-1E4554D33368}.Debug without wrap|x64.Build.0 = Debug without wrap|x64
		{19731F6D-CCD2-480B-BCE5-1E4554D33368}.Debug|Win32.ActiveCfg = Debug|Win32
		{19731F6D-CCD2-480B-BCE5-1E4554D33368}.Debug|Win32.Build.0 = Debug|Win32
		{19731F6D-CCD2-480B-BCE5-1E4554D33368}.Debug|x64.ActiveCfg = Debug|x64
		{19731F6D-CCD2-480B-BCE5-1E4554D33368}.Debug|x64.Build.0 = Debug|x64
		{19731F6D-CCD2-480B-BCE5-1E4554D33368}.Release without wrap|Win32.ActiveCfg = Release without wrap|Win32
		{19731F6D-CCD2-480B-BCE5-1E4554D33368}.Release without wrap|Win32.Build.0 = Release without wrap|Win32
		{19731F6D-CCD2-480B-BCE5-1E4554D33368}.Release without wrap|x64.ActiveCfg = Release without wrap|x64
		{19731F6D-CCD2-480B-BCE5-1E4554D33368}.Release without wrap|x64.Build.0 = Release without wrap|x64
		{19731F6D-CCD2-480B-BCE5-1E4554D33368}.Release|Win32.ActiveCfg = Release|Win32
		{19731F6D-CCD2-480B-BCE5-1E4554D33368}.Release|Win32.Build.0 = Release|Win32
		{19731F6D-CCD2-480B-BCE5-1E4554D33368}.Release|x64.ActiveCfg = Release|x64
		{19731F6D-CCD2-480B-BCE5-1E4554D33368}.Release|x64.Build.0 = Release|x64
		{19731F6D-CCD2-480B-BCE5-1E4554D33368}.ReleaseDLL|Win32.ActiveCfg = ReleaseDLL|Win32
		{19731F6D-CCD2-480B-BCE5-1E4554D33368}.ReleaseDLL|Win32.Build.0 = ReleaseDLL|Win32
		{19731F6D-CCD2-480B-BCE5-1E4554D33368}.ReleaseDLL|x64.ActiveCfg = ReleaseDLL|x64
		{19731F6D-CCD2-480B-BCE5-1E4554D33368}.ReleaseDLL|x64.Build.0 = ReleaseDLL|x64
		{20FE1A10-96CB-4D54-8FD7-860A94AA8FAC}.Debug without wrap|Win32.ActiveCfg = Debug without wrap|Win32
		{20FE1A10-96CB-4D54-8FD7-860A94AA8FAC}.Debug without wrap|Win32.Build.0 = Debug without wrap|Win32
		{20FE1A10-96CB-4D54-8FD7-860A94AA8FAC}.Debug without wrap|x64.ActiveCfg = Debug without wrap|x64
		{20FE1A10-96CB-4D54-8FD7-860A94AA8FAC}.Debug without wrap|x64.Build.0 = Debug without wrap|x64
		{20FE1A10-96CB-4D54-8FD7-860A94AA8FAC}.Debug|Win32.ActiveCfg = Debug|Win32
		{20FE1A10-96CB-4D54-8FD7-860A94AA8FAC}.Debug|Win32.Build.0 = Debug|Win32
		{20FE1A10-96CB-4D54-8FD7-860A94AA8FAC}.Debug|x64.ActiveCfg = Debug|x64
		{20FE1A10-96CB-4D54-8FD7-860A94AA8FAC}.Debug|x64.Build.0 = Debug|x64
		{20FE1A10-96CB-4D54-8FD7-860A94AA8FAC}.Release without wrap|Win32.ActiveCfg = Release without wrap|Win32
		{20FE1A10-96CB-4D54-8FD7-860A94AA8FAC}.Release without wrap|Win32.Build.0 = Release without wrap|Win32
		{20FE1A10-96CB-4D54-8FD7-860A94AA8FAC}.Release without wrap|x64.ActiveCfg = Release without wrap|x64
		{20FE1A10-96CB-4D54-8FD7-860A94AA8FAC}.Release without wrap|x64.Build.0 = Release without wrap|x64
		{20FE1A10-96CB-4D54-8FD7-860A94AA8FAC}.Release|Win32.ActiveCfg = Release|Win32
		{20FE1A10-96CB-4D54-8FD7-860A94AA8FAC}.Release|Win32.Build.0 = Release|Win32
		{20FE1A10-96CB-4D54-8FD7-860A94AA8FAC}.Release|x64.ActiveCfg = Release|x64
		{20FE1A10-96CB-4D54-8FD7-860A94AA8FAC}.Release|x64.Build.0 = Release|x64
		{20FE1A10-96CB-4D54-8FD7-860A94AA8FAC}.ReleaseDLL|Win32.ActiveCfg = ReleaseDLL|Win32
		{20FE1A10-96CB-4D54-8FD7-860A94AA8FAC}.ReleaseDLL|Win32.Build.0 = ReleaseDLL|Win32
		{20FE1A10-96CB-4D54-8FD7-860A94AA8FAC}.ReleaseDLL|x64.ActiveCfg = ReleaseDLL|x64
		{20FE1A10-96CB-4D54-8FD7-860A94AA8FAC}.ReleaseDLL|x64.Build.0 = ReleaseDLL|x64
		{49C8A11A-773C-43A3-AB93-B3FD71ECEE2D}.Debug without wrap|Win32.ActiveCfg = Debug without wrap|Win32
		{49C8A11A-773C-43A3-AB93-B3FD71ECEE2D}.Debug without wrap|Win32.Build.0 = Debug without wrap|Win32
		{49C8A11A-773C-43A3-AB93-B3FD71ECEE2D}.Debug without wrap|x64.ActiveCfg = Debug without wrap|x64
		{49C8A11A-773C-43A3-AB93-B3FD71ECEE2D}.Debug without wrap|x64.Build.0 = Debug without wrap|x64
		{49C8A11A-773C-43A3-AB93-B3FD71ECEE2D}.Debug|Win32.ActiveCfg = Debug|Win32
		{49C8A11A-773C-43A3-AB93-B3FD71ECEE2D}.Debug|Win32.Build.0 = Debug|Win32
		{49C8A11A-773C-43A3-AB93-B3FD71ECEE2D}.Debug|x64.ActiveCfg = Debug|x64
		{49C8A11A-773C-43A3-AB93-B3FD71ECEE2D}.Debug|x64.Build.0 = Debug|x64
		{49C8A11A-773C-43A3-AB93-B3FD71ECEE2D}.Release without wrap|Win32.ActiveCfg = Release without wrap|Win32
		{49C8A11A-773C-43A3-AB93-B3FD71ECEE2D}.Release without wrap|Win32.Build.0 = Release without wrap|Win32
		{49C8A11A-773C-43A3-AB93-B3FD71ECEE2D}.Release without wrap|x64.ActiveCfg = Release without wrap|x64
		{49C8A11A-773C-43A3-AB93-B3FD71ECEE2D}.Release without wrap|x64.Build.0 = Release without wrap|x64
		{49C8A11A-773C-43A3-AB93-B3FD71ECEE2D}.Release|Win32.ActiveCfg = Release|Win32
		{49C8A11A-773C-43A3-AB93-B3FD71ECEE2D}.Release|Win32.Build.0 = Release|Win32
		{49C8A11A-773C-43A3-AB93-B3FD71ECEE2D}.Release|x64.ActiveCfg = Release|x64
		{49C8A11A-773C-43A3-AB93-B3FD71ECEE2D}.Release|x64.Build.0 = Release|x64
		{49C8A11A-773C-43A3-AB93-B3FD71ECEE2D}.ReleaseDLL|Win32.ActiveCfg = ReleaseDLL|Win32
		{49C8A11A-773C-43A3-AB93-B3FD71ECEE2D}.ReleaseDLL|Win32.Build.0 = ReleaseDLL|Win32
		{49C8A11A-773C-43A3-AB93-B3FD71ECEE2D}.ReleaseDLL|x64.ActiveCfg = ReleaseDLL|x64
		{49C8A11A-773C-43A3-AB93-B3FD71ECEE2D}.ReleaseDLL|x64.Build.0 = ReleaseDLL|x64
		{84DE26A6-CD99-4117-9F64-A559BE83CDA4}.Debug without wrap|Win32.ActiveCfg = Debug without wrap|Win32
		{84DE26A6-CD99-4117-9F64-A559BE83CDA4}.Debug without wrap|Win32.Build.0 = Debug without wrap|Win32
		{84DE26A6-CD99-4117-9F64-A559BE83CDA4}.Debug without wrap|x64.ActiveCfg = Debug without wrap|x64
		{84DE26A6-CD99-4117-9F64-A559BE83CDA4}.Debug without wrap|x64.Build.0 = Debug without wrap|x64
		{84DE26A6-CD99-4117-9F64-A559BE83CDA4}.Debug|Win32.ActiveCfg = Debug|Win32
		{84DE26A6-CD99-4117-9F64-A559BE83CDA4}.Debug|Win32.Build.0 = Debug|Win32
		{84DE26A6-CD99-4117-9F64-A559BE83CDA4}.Debug|x64.ActiveCfg = Debug|x64
		{84DE26A6-CD99-4117-9F64-A559BE83CDA4}.Debug|x64.Build.0 = Debug|x64
		{84DE26A6-CD99-4117-9F64-A559BE83CDA4}.Release without wrap|Win32.ActiveCfg = Release without wrap|Win32
		{84DE26A6-CD99-4117-9F64-A559BE83CDA4}.Release without wrap|Win32.Build.0 = Release without wrap|Win32
		{84DE26A6-CD99-4117-9F64-A559BE83CDA4}.Release without wrap|x64.ActiveCfg = Release without wrap|x64
		{84DE26A6-CD99-4117-9F64-A559BE83CDA4}.Release without wrap|x64.Build.0 = Release without wrap|x64
		{84DE26A6-CD99-4117-9F64-A559BE83CDA4}.Release|Win32.ActiveCfg = Release|Win32
		{84DE26A6-CD99-4117-9F64-A559BE83CDA4}.Release|Win32.Build.0 = Release|Win32
		{84DE26A6-CD99-4117-9F64-A559BE83CDA4}.Release|x64.ActiveCfg = Release|x64
		{84DE26A6-CD99-4117-9F64-A559BE83CDA4}.Release|x64.Build.0 = Release|x64
		{84DE26A6-CD99-4117-9F64-A559BE83CDA4}.ReleaseDLL|Win32.ActiveCfg = ReleaseDLL|Win32
		{84DE26A6-CD99-4117-9F64-A559BE83CDA4}.ReleaseDLL|Win32.Build.0 = ReleaseDLL|Win32
		{84DE26A6-CD99-4117-9F64-A559BE83CDA4}.ReleaseDLL|x64.ActiveCfg = ReleaseDLL|x64
		{84DE26A6-CD99-4117-9F64-A559BE83CDA4}.ReleaseDLL|x64.Build.0 = ReleaseDLL|x64
		{40FE1A10-96CB-4D54-8FD7-860A94AA8FAC}.Debug without wrap|Win32.ActiveCfg = Debug without wrap|Win32
		{40FE1A10-96CB-4D54-8FD7-860A94AA8FAC}.Debug without wrap|Win32.Build.0 = Debug without wrap|Win32
		{40FE1A10-96CB-4D54-8FD7-860A94AA8FAC}.Debug without wrap|x64.ActiveCfg = Debug without wrap|x64
		{40FE1A10-96CB-4D54-8FD7-860A94AA8FAC}.Debug without wrap|x64.Build.0 = Debug without wrap|x64
		{40FE1A10-96CB-4D54-8FD7-860A94AA8FAC}.Debug|Win32.ActiveCfg = Debug|Win32
		{40FE1A10-96CB-4D54-8FD7-860A94AA8FAC}.Debug|Win32.Build.0 = Debug|Win32
		{40FE1A10-96CB-4D54-8FD7-860A94AA8FAC}.Debug|x64.ActiveCfg = Debug|x64
		{40FE1A10-96CB-4D54-8FD7-860A94AA8FAC}.Debug|x64.Build.0 = Debug|x64
		{40FE1A10-96CB-4D54-8FD7-860A94AA8FAC}.Release without wrap|Win32.ActiveCfg = Release without wrap|Win32
		{40FE1A10-96CB-4D54-8FD7-860A94AA8FAC}.Release without wrap|Win32.Build.0 = Release without wrap|Win32
		{40FE1A10-96CB-4D54-8FD7-860A94AA8FAC}.Release without wrap|x64.ActiveCfg = Release without wrap|x64
		{40FE1A10-96CB-4D54-8FD7-860A94AA8FAC}.Release without wrap|x64.Build.0 = Release without wrap|x64
		{40FE1A10-96CB-4D54-8FD7-860A94AA8FAC}.Release|Win32.ActiveCfg = Release|Win32
		{40FE1A10-96CB-4D54-8FD7-860A94AA8FAC}.Release|Win32.Build.0 = Release|Win32
		{40FE1A10-96CB-4D54-8FD7-860A94AA8FAC}.Release|x64.ActiveCfg = Release|x64
		{40FE1A10-96CB-4D54-8FD7-860A94AA8FAC}.Release|x64.Build.0 = Release|x64
		{40FE1A10-96CB-4D54-8FD7-860A94AA8FAC}.ReleaseDLL|Win32.ActiveCfg = ReleaseDLL|Win32
		{40FE1A10-96CB-4D54-8FD7-860A94AA8FAC}.ReleaseDLL|Win32.Build.0 = ReleaseDLL|Win32
		{40FE1A10-96CB-4D54-8FD7-860A94AA8FAC}.ReleaseDLL|x64.ActiveCfg = ReleaseDLL|x64
		{40FE1A10-96CB-4D54-8FD7-860A94AA8FAC}.ReleaseDLL|x64.Build.0 = ReleaseDLL|x64
		{39731F6D-CCD2-480B-BCE5-1E4554D33368}.Debug without wrap|Win32.ActiveCfg = Debug without wrap|Win32
		{39731F6D-CCD2-480B-BCE5-1E4554D33368}.Debug without wrap|Win32.Build.0 = Debug without wrap|Win32
		{39731F6D-CCD2-480B-BCE5-1E4554D33368}.Debug without wrap|x64.ActiveCfg = Debug without wrap|x64
		{39731F6D-CCD2-480B-BCE5-1E4554D33368}.Debug without wrap|x64.Build.0 = Debug without wrap|x64
		{39731F6D-CCD2-480B-BCE5-1E4554D33368}.Debug|Win32.ActiveCfg = Debug|Win32
		{39731F6D-CCD2-480B-BCE5-1E4554D33368}.Debug|Win32.Build.0 = Debug|Win32
		{39731F6D-CCD2-480B-BCE5-1E4554D33368}.Debug|x64.ActiveCfg = Debug|x64
		{39731F6D-CCD2-480B-BCE5-1E4554D33368}.Debug|x64.Build.0 = Debug|x64
		{39731F6D-CCD2-480B-BCE5-1E4554D33368}.Release without wrap|Win32.ActiveCfg = Release without wrap|Win32
		{39731F6D-CCD2-480B-BCE5-1E4554D33368}.Release without wrap|Win32.Build.0 = Release without wrap|Win32
		{39731F6D-CCD2-480B-BCE5-1E4554D33368}.Release without wrap|x64.ActiveCfg = Release without wrap|x64
		{39731F6D-CCD2-480B-BCE5-1E4554D33368}.Release without wrap|x64.Build.0 = Release without wrap|x64
		{39731F6D-CCD2-480B-BCE5-1E4554D33368}.Release|Win32.ActiveCfg = Release|Win32
		{39731F6D-CCD2-480B-BCE5-1E4554D33368}.Release|Win32.Build.0 = Release|Win32
		{39731F6D-CCD2-480B-BCE5-1E4554D33368}.Release|x64.ActiveCfg = Release|x64
		{39731F6D-CCD2-480B-BCE5-1E4554D33368}.Release|x64.Build.0 = Release|x64
		{39731F6D-CCD2-480B-BCE5-1E4554D33368}.ReleaseDLL|Win32.ActiveCfg = ReleaseDLL|Win32
		{39731F6D-CCD2-480B-BCE5-1E4554D33368}.ReleaseDLL|Win32.Build.0 = ReleaseDLL|Win32
		{39731F6D-CCD2-480B-BCE5-1E4554D33368}.ReleaseDLL|x64.ActiveCfg = ReleaseDLL|x64
		{39731F6D-CCD2-480B-BCE5-1E4554D33368}.ReleaseDLL|x64.Build.0 = ReleaseDLL|x64
		{EE6016A9-8075-41FE-846D-58F771CDD175}.Debug without wrap|Win32.ActiveCfg = Debug without wrap|Win32
		{EE6016A9-8075-41FE-846D-58F771CDD175}.Debug without wrap|Win32.Build.0 = Debug without wrap|Win32
		{EE6016A9-8075-41FE-846D-58F771CDD175}.Debug without wrap|x64.ActiveCfg = Debug without wrap|x64
		{EE6016A9-8075-41FE-846D-58F771CDD175}.Debug without wrap|x64.Build.0 = Debug without wrap|x64
		{EE6016A9-8075-41FE-846D-58F771CDD175}.Debug|Win32.ActiveCfg = Debug|Win32
		{EE6016A9-8075-41FE-846D-58F771CDD175}.Debug|Win32.Build.0 = Debug|Win32
		{EE6016A9-8075-41FE-846D-58F771CDD175}.Debug|x64.ActiveCfg = Debug|x64
		{EE6016A9-8075-41FE-846D-58F771CDD175}.Debug|x64.Build.0 = Debug|x64
		{EE6016A9-8075-41FE-846D-58F771CDD175}.Release without wrap|Win32.ActiveCfg = Release without wrap|Win32
		{EE6016A9-8075-41FE-846D-58F771CDD175}.Release without wrap|Win32.Build.0 = Release without wrap|Win32
		{EE6016A9-8075-41FE-846D-58F771CDD175}.Release without wrap|x64.ActiveCfg = Release without wrap|x64
		{EE6016A9-8075-41FE-846D-58F771CDD175}.Release without wrap|x64.Build.0 = Release without wrap|x64
		{EE6016A9-8075-41FE-846D-58F771CDD175}.Release|Win32.ActiveCfg = Release|Win32
		{EE6016A9-8075-41FE-846D-58F771CDD175}.Release|Win32.Build.0 = Release|Win32
		{EE6016A9-8075-41FE-846D-58F771CDD175}.Release|x64.ActiveCfg = Release|x64
		{EE6016A9-8075-41FE-846D-58F771CDD175}.Release|x64.Build.0 = Release|x64
		{EE6016A9-8075-41FE-846D-58F771CDD175}.ReleaseDLL|Win32.ActiveCfg = ReleaseDLL|Win32
		{EE6016A9-8075-41FE-846D-58F771CDD175}.ReleaseDLL|Win32.Build.0 = ReleaseDLL|Win32
		{EE6016A9-8075-41FE-846D-58F771CDD175}.ReleaseDLL|x64.ActiveCfg = ReleaseDLL|x64
		{EE6016A9-8075-41FE-846D-58F771CDD175}.ReleaseDLL|x64.Build.0 = ReleaseDLL|x64
		{FF6016A9-8075-41FE-846D-58F771CDD175}.Debug without wrap|Win32.ActiveCfg = Debug without wrap|Win32
		{FF6016A9-8075-41FE-846D-58F771CDD175}.Debug without wrap|Win32.Build.0 = Debug without wrap|Win32
		{FF6016A9-8075-41FE-846D-58F771CDD175}.Debug without wrap|x64.ActiveCfg = Debug without wrap|x64
		{FF6016A9-8075-41FE-846D-58F771CDD175}.Debug without wrap|x64.Build.0 = Debug without wrap|x64
		{FF6016A9-8075-41FE-846D-58F771CDD175}.Debug|Win32.ActiveCfg = Debug|Win32
		{FF6016A9-8075-41FE-846D-58F771CDD175}.Debug|Win32.Build.0 = Debug|Win32
		{FF6016A9-8075-41FE-846D-58F771CDD175}.Debug|x64.ActiveCfg = Debug|x64
		{FF6016A9-8075-41FE-846D-58F771CDD175}.Debug|x64.Build.0 = Debug|x64
		{FF6016A9-8075-41FE-846D-58F771CDD175}.Release without wrap|Win32.ActiveCfg = Release without wrap|Win32
		{FF6016A9-8075-41FE-846D-58F771CDD175}.Release without wrap|Win32.Build.0 = Release without wrap|Win32
		{FF6016A9-8075-41FE-846D-58F771CDD175}.Release without wrap|x64.ActiveCfg = Release without wrap|x64
		{FF6016A9-8075-41FE-846D-58F771CDD175}.Release without wrap|x64.Build.0 = Release without wrap|x64
		{FF6016A9-8075-41FE-846D-58F771CDD175}.Release|Win32.ActiveCfg = Release|Win32
		{FF6016A9-8075-41FE-846D-58F771CDD175}.Release|Win32.Build.0 = Release|Win32
		{FF6016A9-8075-41FE-846D-58F771CDD175}.Release|x64.ActiveCfg = Release|x64
		{FF6016A9-8075-41FE-846D-58F771CDD175}.Release|x64.Build.0 = Release|x64
		{FF6016A9-8075-41FE-846D-58F771CDD175}.ReleaseDLL|Win32.ActiveCfg = ReleaseDLL|Win32
		{FF6016A9-8075-41FE-846D-58F771CDD175}.ReleaseDLL|Win32.Build.0 = ReleaseDLL|Win32
		{FF6016A9-8075-41FE-846D-58F771CDD175}.ReleaseDLL|x64.ActiveCfg = ReleaseDLL|x64
		{FF6016A9-8075-41FE-846D-58F771CDD175}.ReleaseDLL|x64.Build.0 = ReleaseDLL|x64
	EndGlobalSection
	GlobalSection(SolutionProperties) = preSolution
		HideSolutionNode = FALSE
	EndGlobalSection
	GlobalSection(NestedProjects) = preSolution
		{F7F1EEA7-7661-4714-A8EA-52A4E19265BA} = {03EE685F-3A7C-4FD3-9397-F106DD730305}
		{DD15D2AB-7CE3-4AB8-BB4A-C94228167DBA} = {03EE685F-3A7C-4FD3-9397-F106DD730305}
		{A699B598-755B-496F-A428-9919A9341D66} = {03EE685F-3A7C-4FD3-9397-F106DD730305}
		{BC705F53-F03F-4EA6-BE0B-4A3023B2F43D} = {5A45AE7B-1B44-4E76-9B2C-BA98B09667EE}
		{F0067FF4-E2CC-408B-9027-B454C75DB309} = {5A45AE7B-1B44-4E76-9B2C-BA98B09667EE}
		{B9F83B5F-9E91-428D-A623-86CE195DB698} = {5A45AE7B-1B44-4E76-9B2C-BA98B09667EE}
		{DD6016A9-8075-41FE-846D-58F771CDD175} = {A699B598-755B-496F-A428-9919A9341D66}
		{68BF6057-0EC9-4F5B-816E-EEC616F66452} = {BC705F53-F03F-4EA6-BE0B-4A3023B2F43D}
		{51BDA11C-CE7E-4747-BBC0-2D862035FDD8} = {BC705F53-F03F-4EA6-BE0B-4A3023B2F43D}
		{5C498677-7AA4-484D-A838-2E018B10A45F} = {BC705F53-F03F-4EA6-BE0B-4A3023B2F43D}
		{BF1CD915-B8D9-4B08-8C1B-CA5AE04C751D} = {BC705F53-F03F-4EA6-BE0B-4A3023B2F43D}
		{D57E81C4-942F-412E-BC88-F67D7337A841} = {BC705F53-F03F-4EA6-BE0B-4A3023B2F43D}
		{C3D2E4B5-3D19-48F2-9CD9-A86AF7A3FC97} = {BC705F53-F03F-4EA6-BE0B-4A3023B2F43D}
		{8422F583-143C-426F-BABC-CF1982A43BCE} = {BC705F53-F03F-4EA6-BE0B-4A3023B2F43D}
		{01294687-8419-4E3B-AF31-71B694C6A1C6} = {BC705F53-F03F-4EA6-BE0B-4A3023B2F43D}
		{FE3F87C0-E923-4624-AD38-E4EB10CFC387} = {F7F1EEA7-7661-4714-A8EA-52A4E19265BA}
		{F988F72B-F1FA-4794-A961-F19DA946C665} = {F7F1EEA7-7661-4714-A8EA-52A4E19265BA}
		{3B9CBBDF-5A91-4E88-98AE-0DB39F908FB9} = {F7F1EEA7-7661-4714-A8EA-52A4E19265BA}
		{44353E1B-9043-44A8-A9E7-F358D21AE5ED} = {F7F1EEA7-7661-4714-A8EA-52A4E19265BA}
		{19731F6D-CCD2-480B-BCE5-1E4554D33368} = {DD15D2AB-7CE3-4AB8-BB4A-C94228167DBA}
		{20FE1A10-96CB-4D54-8FD7-860A94AA8FAC} = {DD15D2AB-7CE3-4AB8-BB4A-C94228167DBA}
		{49C8A11A-773C-43A3-AB93-B3FD71ECEE2D} = {DD15D2AB-7CE3-4AB8-BB4A-C94228167DBA}
		{84DE26A6-CD99-4117-9F64-A559BE83CDA4} = {DD15D2AB-7CE3-4AB8-BB4A-C94228167DBA}
		{40FE1A10-96CB-4D54-8FD7-860A94AA8FAC} = {DD15D2AB-7CE3-4AB8-BB4A-C94228167DBA}
		{39731F6D-CCD2-480B-BCE5-1E4554D33368} = {DD15D2AB-7CE3-4AB8-BB4A-C94228167DBA}
		{EE6016A9-8075-41FE-846D-58F771CDD175} = {F0067FF4-E2CC-408B-9027-B454C75DB309}
		{FF6016A9-8075-41FE-846D-58F771CDD175} = {F0067FF4-E2CC-408B-9027-B454C75DB309}
	EndGlobalSection
	GlobalSection(ExtensibilityGlobals) = postSolution
		SolutionGuid = {8A003484-C855-46B4-957D-26F57BF7BD40}
	EndGlobalSection
EndGlobal
