<?xml version="1.0" encoding="utf-8"?>
<Project ToolsVersion="4.0" xmlns="http://schemas.microsoft.com/developer/msbuild/2003">
  <ItemGroup>
    <Filter Include="Resource Files">
      <UniqueIdentifier>{67DA6AB6-F800-4c08-8B7A-83BB121AAD01}</UniqueIdentifier>
      <Extensions>rc;ico;cur;bmp;dlg;rc2;rct;bin;rgs;gif;jpg;jpeg;jpe;resx</Extensions>
    </Filter>
    <Filter Include="rc">
      <UniqueIdentifier>{2e1da7d4-588b-43e1-bdf5-3b9f666a49cd}</UniqueIdentifier>
    </Filter>
    <Filter Include="ShapeOperations">
      <UniqueIdentifier>{c82b635f-6c55-4f4d-bd5d-9155f28ef7a5}</UniqueIdentifier>
    </Filter>
    <Filter Include="Regression">
      <UniqueIdentifier>{36986a31-8004-4bc0-9b73-48950c781e1c}</UniqueIdentifier>
    </Filter>
    <Filter Include="DialogTools">
      <UniqueIdentifier>{5f72b861-8c58-491f-b2a9-fa890171755d}</UniqueIdentifier>
    </Filter>
    <Filter Include="Explore">
      <UniqueIdentifier>{ee59f97c-f898-49a6-8ade-d246a9b0aa2f}</UniqueIdentifier>
    </Filter>
    <Filter Include="DataViewer">
      <UniqueIdentifier>{58866c51-a328-4e1d-b2c1-91e8cb13fcd9}</UniqueIdentifier>
    </Filter>
    <Filter Include="VarCalc">
      <UniqueIdentifier>{8ba6e2ee-cf14-4306-829b-ee6c92833904}</UniqueIdentifier>
    </Filter>
    <Filter Include="libgdiam">
      <UniqueIdentifier>{efd46cf7-a968-4f71-9280-fd130105566c}</UniqueIdentifier>
    </Filter>
    <Filter Include="Algorithms">
      <UniqueIdentifier>{26d19d80-b064-41d9-80e5-37e967c05d8a}</UniqueIdentifier>
    </Filter>
    <Filter Include="io">
      <UniqueIdentifier>{6f1478f1-4816-4219-a7a3-da8b22086f01}</UniqueIdentifier>
    </Filter>
    <Filter Include="kNN">
      <UniqueIdentifier>{90f57f50-2648-4589-9585-434636a6272f}</UniqueIdentifier>
    </Filter>
    <Filter Include="arizona">
      <UniqueIdentifier>{b9cdb32d-74e3-4ba7-a5ea-a0580c0c694d}</UniqueIdentifier>
    </Filter>
    <Filter Include="arizona\viz3">
      <UniqueIdentifier>{0c323cad-a390-44fd-aae6-2e08cb7938a1}</UniqueIdentifier>
    </Filter>
    <Filter Include="arizona\viz3\plots">
      <UniqueIdentifier>{4bb92a90-99f0-4d47-b33d-e1663d9bfab0}</UniqueIdentifier>
    </Filter>
    <Filter Include="ogl">
      <UniqueIdentifier>{85fd04ff-4aa4-45d8-8492-8a7d69f0dc17}</UniqueIdentifier>
    </Filter>
  </ItemGroup>
  <ItemGroup>
    <None Include="..\..\rc\GeoDa.ico">
      <Filter>Resource Files</Filter>
    </None>
    <None Include="..\..\rc\dialogs.xrc">
      <Filter>rc</Filter>
    </None>
    <None Include="..\..\rc\GeoDaIcon-16x16.xpm">
      <Filter>rc</Filter>
    </None>
    <None Include="..\..\rc\menus.xrc">
      <Filter>rc</Filter>
    </None>
    <None Include="..\..\rc\toolbar.xrc">
      <Filter>rc</Filter>
    </None>
    <None Include="..\..\rc\release-notes.txt">
      <Filter>rc</Filter>
    </None>
    <None Include="..\..\Algorithms\distmat_kernel.cl">
      <Filter>Algorithms</Filter>
    </None>
    <None Include="..\..\Algorithms\lisa_kernel.cl">
      <Filter>Algorithms</Filter>
    </None>
    <None Include="..\..\Algorithms\localjc_kernel.cl">
      <Filter>Algorithms</Filter>
    </None>
  </ItemGroup>
  <ItemGroup>
    <ResourceCompile Include="..\..\GeoDa.rc">
      <Filter>Resource Files</Filter>
    </ResourceCompile>
  </ItemGroup>
  <ItemGroup>
    <ClInclude Include="..\..\resource.h" />
    <ClInclude Include="..\..\ShapeOperations\CsvFileUtils.h">
      <Filter>ShapeOperations</Filter>
    </ClInclude>
    <ClInclude Include="..\..\ShapeOperations\DorlingCartogram.h">
      <Filter>ShapeOperations</Filter>
    </ClInclude>
    <ClInclude Include="..\..\shapeoperations\GalWeight.h">
      <Filter>ShapeOperations</Filter>
    </ClInclude>
    <ClInclude Include="..\..\shapeoperations\GeodaWeight.h">
      <Filter>ShapeOperations</Filter>
    </ClInclude>
    <ClInclude Include="..\..\shapeoperations\GwtWeight.h">
      <Filter>ShapeOperations</Filter>
    </ClInclude>
    <ClInclude Include="..\..\shapeoperations\Randik.h">
      <Filter>ShapeOperations</Filter>
    </ClInclude>
    <ClInclude Include="..\..\shapeoperations\RateSmoothing.h">
      <Filter>ShapeOperations</Filter>
    </ClInclude>
    <ClInclude Include="..\..\ShapeOperations\VoronoiUtils.h">
      <Filter>ShapeOperations</Filter>
    </ClInclude>
    <ClInclude Include="..\..\shapeoperations\WeightsManager.h">
      <Filter>ShapeOperations</Filter>
    </ClInclude>
    <ClInclude Include="..\..\shapeoperations\OGRDataAdapter.h">
      <Filter>ShapeOperations</Filter>
    </ClInclude>
    <ClInclude Include="..\..\regression\blaswrap.h">
      <Filter>Regression</Filter>
    </ClInclude>
    <ClInclude Include="..\..\regression\clapack.h">
      <Filter>Regression</Filter>
    </ClInclude>
    <ClInclude Include="..\..\regression\DenseMatrix.h">
      <Filter>Regression</Filter>
    </ClInclude>
    <ClInclude Include="..\..\regression\DenseVector.h">
      <Filter>Regression</Filter>
    </ClInclude>
    <ClInclude Include="..\..\regression\DiagnosticReport.h">
      <Filter>Regression</Filter>
    </ClInclude>
    <ClInclude Include="..\..\regression\f2c.h">
      <Filter>Regression</Filter>
    </ClInclude>
    <ClInclude Include="..\..\regression\Link.h">
      <Filter>Regression</Filter>
    </ClInclude>
    <ClInclude Include="..\..\regression\Lite2.h">
      <Filter>Regression</Filter>
    </ClInclude>
    <ClInclude Include="..\..\regression\mix.h">
      <Filter>Regression</Filter>
    </ClInclude>
    <ClInclude Include="..\..\regression\ML_im.h">
      <Filter>Regression</Filter>
    </ClInclude>
    <ClInclude Include="..\..\regression\polym.h">
      <Filter>Regression</Filter>
    </ClInclude>
    <ClInclude Include="..\..\regression\PowerLag.h">
      <Filter>Regression</Filter>
    </ClInclude>
    <ClInclude Include="..\..\regression\PowerSymLag.h">
      <Filter>Regression</Filter>
    </ClInclude>
    <ClInclude Include="..\..\regression\smile.h">
      <Filter>Regression</Filter>
    </ClInclude>
    <ClInclude Include="..\..\regression\SparseMatrix.h">
      <Filter>Regression</Filter>
    </ClInclude>
    <ClInclude Include="..\..\regression\SparseRow.h">
      <Filter>Regression</Filter>
    </ClInclude>
    <ClInclude Include="..\..\regression\SparseVector.h">
      <Filter>Regression</Filter>
    </ClInclude>
    <ClInclude Include="..\..\regression\Weights.h">
      <Filter>Regression</Filter>
    </ClInclude>
    <ClInclude Include="..\..\dialogtools\3DControlPan.h">
      <Filter>DialogTools</Filter>
    </ClInclude>
    <ClInclude Include="..\..\dialogtools\AddIdVariable.h">
      <Filter>DialogTools</Filter>
    </ClInclude>
    <ClInclude Include="..\..\dialogtools\Bnd2ShpDlg.h">
      <Filter>DialogTools</Filter>
    </ClInclude>
    <ClInclude Include="..\..\DialogTools\CatClassifDlg.h">
      <Filter>DialogTools</Filter>
    </ClInclude>
    <ClInclude Include="..\..\dialogtools\CreateGridDlg.h">
      <Filter>DialogTools</Filter>
    </ClInclude>
    <ClInclude Include="..\..\dialogtools\CreatingWeightDlg.h">
      <Filter>DialogTools</Filter>
    </ClInclude>
    <ClInclude Include="..\..\DialogTools\ExportCsvDlg.h">
      <Filter>DialogTools</Filter>
    </ClInclude>
    <ClInclude Include="..\..\DialogTools\FieldNewCalcBinDlg.h">
      <Filter>DialogTools</Filter>
    </ClInclude>
    <ClInclude Include="..\..\DialogTools\FieldNewCalcLagDlg.h">
      <Filter>DialogTools</Filter>
    </ClInclude>
    <ClInclude Include="..\..\DialogTools\FieldNewCalcRateDlg.h">
      <Filter>DialogTools</Filter>
    </ClInclude>
    <ClInclude Include="..\..\DialogTools\FieldNewCalcSheetDlg.h">
      <Filter>DialogTools</Filter>
    </ClInclude>
    <ClInclude Include="..\..\DialogTools\FieldNewCalcSpecialDlg.h">
      <Filter>DialogTools</Filter>
    </ClInclude>
    <ClInclude Include="..\..\DialogTools\FieldNewCalcUniDlg.h">
      <Filter>DialogTools</Filter>
    </ClInclude>
    <ClInclude Include="..\..\DialogTools\GetisOrdChoiceDlg.h">
      <Filter>DialogTools</Filter>
    </ClInclude>
    <ClInclude Include="..\..\dialogtools\HistIntervalDlg.h">
      <Filter>DialogTools</Filter>
    </ClInclude>
    <ClInclude Include="..\..\DialogTools\ImportCsvDlg.h">
      <Filter>DialogTools</Filter>
    </ClInclude>
    <ClInclude Include="..\..\dialogtools\LisaWhat2OpenDlg.h">
      <Filter>DialogTools</Filter>
    </ClInclude>
    <ClInclude Include="..\..\dialogtools\PCPDlg.h">
      <Filter>DialogTools</Filter>
    </ClInclude>
    <ClInclude Include="..\..\dialogtools\PermutationCounterDlg.h">
      <Filter>DialogTools</Filter>
    </ClInclude>
    <ClInclude Include="..\..\dialogtools\ProgressDlg.h">
      <Filter>DialogTools</Filter>
    </ClInclude>
    <ClInclude Include="..\..\dialogtools\RandomizationDlg.h">
      <Filter>DialogTools</Filter>
    </ClInclude>
    <ClInclude Include="..\..\DialogTools\RangeSelectionDlg.h">
      <Filter>DialogTools</Filter>
    </ClInclude>
    <ClInclude Include="..\..\dialogtools\RegressionDlg.h">
      <Filter>DialogTools</Filter>
    </ClInclude>
    <ClInclude Include="..\..\dialogtools\RegressionReportDlg.h">
      <Filter>DialogTools</Filter>
    </ClInclude>
    <ClInclude Include="..\..\dialogtools\SaveSelectionDlg.h">
      <Filter>DialogTools</Filter>
    </ClInclude>
    <ClInclude Include="..\..\DialogTools\SaveToTableDlg.h">
      <Filter>DialogTools</Filter>
    </ClInclude>
    <ClInclude Include="..\..\DialogTools\TimeChooserDlg.h">
      <Filter>DialogTools</Filter>
    </ClInclude>
    <ClInclude Include="..\..\dialogtools\VariableSettingsDlg.h">
      <Filter>DialogTools</Filter>
    </ClInclude>
    <ClInclude Include="..\..\explore\3DPlotView.h">
      <Filter>Explore</Filter>
    </ClInclude>
    <ClInclude Include="..\..\Explore\BoxNewPlotView.h">
      <Filter>Explore</Filter>
    </ClInclude>
    <ClInclude Include="..\..\Explore\CartogramNewView.h">
      <Filter>Explore</Filter>
    </ClInclude>
    <ClInclude Include="..\..\Explore\CatClassification.h">
      <Filter>Explore</Filter>
    </ClInclude>
    <ClInclude Include="..\..\Explore\CatClassifManager.h">
      <Filter>Explore</Filter>
    </ClInclude>
    <ClInclude Include="..\..\Explore\CatClassifState.h">
      <Filter>Explore</Filter>
    </ClInclude>
    <ClInclude Include="..\..\Explore\CatClassifStateObserver.h">
      <Filter>Explore</Filter>
    </ClInclude>
    <ClInclude Include="..\..\Explore\ConditionalHistogramView.h">
      <Filter>Explore</Filter>
    </ClInclude>
    <ClInclude Include="..\..\Explore\ConditionalMapView.h">
      <Filter>Explore</Filter>
    </ClInclude>
    <ClInclude Include="..\..\Explore\ConditionalNewView.h">
      <Filter>Explore</Filter>
    </ClInclude>
    <ClInclude Include="..\..\Explore\ConditionalScatterPlotView.h">
      <Filter>Explore</Filter>
    </ClInclude>
    <ClInclude Include="..\..\Explore\ConnectivityHistView.h">
      <Filter>Explore</Filter>
    </ClInclude>
    <ClInclude Include="..\..\DialogTools\DataMovieDlg.h">
      <Filter>Explore</Filter>
    </ClInclude>
    <ClInclude Include="..\..\explore\Geom3D.h">
      <Filter>Explore</Filter>
    </ClInclude>
    <ClInclude Include="..\..\Explore\GetisOrdMapNewView.h">
      <Filter>Explore</Filter>
    </ClInclude>
    <ClInclude Include="..\..\explore\GStatCoordinator.h">
      <Filter>Explore</Filter>
    </ClInclude>
    <ClInclude Include="..\..\Explore\HistogramView.h">
      <Filter>Explore</Filter>
    </ClInclude>
    <ClInclude Include="..\..\Explore\LisaCoordinator.h">
      <Filter>Explore</Filter>
    </ClInclude>
    <ClInclude Include="..\..\Explore\LisaCoordinatorObserver.h">
      <Filter>Explore</Filter>
    </ClInclude>
    <ClInclude Include="..\..\Explore\LisaMapNewView.h">
      <Filter>Explore</Filter>
    </ClInclude>
    <ClInclude Include="..\..\Explore\LisaScatterPlotView.h">
      <Filter>Explore</Filter>
    </ClInclude>
    <ClInclude Include="..\..\Explore\MapNewView.h">
      <Filter>Explore</Filter>
    </ClInclude>
    <ClInclude Include="..\..\Explore\PCPNewView.h">
      <Filter>Explore</Filter>
    </ClInclude>
    <ClInclude Include="..\..\Explore\ScatterNewPlotView.h">
      <Filter>Explore</Filter>
    </ClInclude>
    <ClInclude Include="..\..\DataViewer\DataViewerAddColDlg.h">
      <Filter>DataViewer</Filter>
    </ClInclude>
    <ClInclude Include="..\..\DataViewer\DataViewerDeleteColDlg.h">
      <Filter>DataViewer</Filter>
    </ClInclude>
    <ClInclude Include="..\..\DataViewer\DataViewerEditFieldPropertiesDlg.h">
      <Filter>DataViewer</Filter>
    </ClInclude>
    <ClInclude Include="..\..\DataViewer\DataViewerResizeColDlg.h">
      <Filter>DataViewer</Filter>
    </ClInclude>
    <ClInclude Include="..\..\DataViewer\MergeTableDlg.h">
      <Filter>DataViewer</Filter>
    </ClInclude>
    <ClInclude Include="..\..\DataViewer\TableState.h">
      <Filter>DataViewer</Filter>
    </ClInclude>
    <ClInclude Include="..\..\DataViewer\TableStateObserver.h">
      <Filter>DataViewer</Filter>
    </ClInclude>
    <ClInclude Include="..\..\FramesManager.h" />
    <ClInclude Include="..\..\FramesManagerObserver.h" />
    <ClInclude Include="..\..\GeneralWxUtils.h" />
    <ClInclude Include="..\..\GenGeomAlgs.h" />
    <ClInclude Include="..\..\GeoDa.h" />
    <ClInclude Include="..\..\logger.h" />
    <ClInclude Include="..\..\nullstream.h" />
    <ClInclude Include="..\..\Project.h" />
    <ClInclude Include="..\..\TemplateCanvas.h" />
    <ClInclude Include="..\..\TemplateFrame.h" />
    <ClInclude Include="..\..\TemplateLegend.h" />
    <ClInclude Include="..\..\DataViewer\TimeState.h">
      <Filter>DataViewer</Filter>
    </ClInclude>
    <ClInclude Include="..\..\DataViewer\TimeStateObserver.h">
      <Filter>DataViewer</Filter>
    </ClInclude>
    <ClInclude Include="..\..\DataViewer\OGRTable.h">
      <Filter>DataViewer</Filter>
    </ClInclude>
    <ClInclude Include="..\..\DataViewer\TableBase.h">
      <Filter>DataViewer</Filter>
    </ClInclude>
    <ClInclude Include="..\..\DataViewer\TableFrame.h">
      <Filter>DataViewer</Filter>
    </ClInclude>
    <ClInclude Include="..\..\DataViewer\TableInterface.h">
      <Filter>DataViewer</Filter>
    </ClInclude>
    <ClInclude Include="..\..\ShapeOperations\OGRDatasourceProxy.h">
      <Filter>ShapeOperations</Filter>
    </ClInclude>
    <ClInclude Include="..\..\ShapeOperations\OGRFieldProxy.h">
      <Filter>ShapeOperations</Filter>
    </ClInclude>
    <ClInclude Include="..\..\ShapeOperations\OGRLayerProxy.h">
      <Filter>ShapeOperations</Filter>
    </ClInclude>
    <ClInclude Include="..\..\DialogTools\ExportDataDlg.h">
      <Filter>DialogTools</Filter>
    </ClInclude>
    <ClInclude Include="..\..\ShapeOperations\GdaCache.h">
      <Filter>ShapeOperations</Filter>
    </ClInclude>
    <ClInclude Include="..\..\DataViewer\DataSource.h">
      <Filter>DataViewer</Filter>
    </ClInclude>
    <ClInclude Include="..\..\ProjectConf.h" />
    <ClInclude Include="..\..\DialogTools\TimeEditorDlg.h">
      <Filter>DialogTools</Filter>
    </ClInclude>
    <ClInclude Include="..\..\DialogTools\AutoCompTextCtrl.h">
      <Filter>DialogTools</Filter>
    </ClInclude>
    <ClInclude Include="..\..\DataViewer\VarOrderPtree.h">
      <Filter>DataViewer</Filter>
    </ClInclude>
    <ClInclude Include="..\..\DataViewer\VarGroup.h">
      <Filter>DataViewer</Filter>
    </ClInclude>
    <ClInclude Include="..\..\DataViewer\VarOrderMapper.h">
      <Filter>DataViewer</Filter>
    </ClInclude>
    <ClInclude Include="..\..\DialogTools\ConnectDatasourceDlg.h">
      <Filter>DialogTools</Filter>
    </ClInclude>
    <ClInclude Include="..\..\DialogTools\VarGroupingEditorDlg.h">
      <Filter>DialogTools</Filter>
    </ClInclude>
    <ClInclude Include="..\..\GdaException.h" />
    <ClInclude Include="..\..\DataViewer\OGRColumn.h">
      <Filter>DataViewer</Filter>
    </ClInclude>
    <ClInclude Include="..\..\SaveButtonManager.h" />
    <ClInclude Include="..\..\DialogTools\DatasourceDlg.h">
      <Filter>DialogTools</Filter>
    </ClInclude>
    <ClInclude Include="..\..\DefaultVarsPtree.h">
      <Filter>DialogTools</Filter>
    </ClInclude>
    <ClInclude Include="..\..\DataViewer\CustomClassifPtree.h">
      <Filter>DataViewer</Filter>
    </ClInclude>
    <ClInclude Include="..\..\DialogTools\SaveAsDlg.h">
      <Filter>DialogTools</Filter>
    </ClInclude>
    <ClInclude Include="..\..\ShapeOperations\WeightsManPtree.h">
      <Filter>ShapeOperations</Filter>
    </ClInclude>
    <ClInclude Include="..\..\DataViewer\OGRTableOperation.h">
      <Filter>DataViewer</Filter>
    </ClInclude>
    <ClInclude Include="..\..\DialogTools\ProjectInfoDlg.h">
      <Filter>DialogTools</Filter>
    </ClInclude>
    <ClInclude Include="..\..\DialogTools\FieldNameCorrectionDlg.h" />
    <ClInclude Include="..\..\version.h" />
    <ClInclude Include="..\..\DialogTools\LocaleSetupDlg.h">
      <Filter>DialogTools</Filter>
    </ClInclude>
    <ClInclude Include="..\..\DialogTools\NumCategoriesDlg.h">
      <Filter>DialogTools</Filter>
    </ClInclude>
    <ClInclude Include="..\..\GdaConst.h" />
    <ClInclude Include="..\..\DialogTools\CalculatorDlg.h">
      <Filter>DialogTools</Filter>
    </ClInclude>
    <ClInclude Include="..\..\VarCalc\GdaFlexValue.h">
      <Filter>VarCalc</Filter>
    </ClInclude>
    <ClInclude Include="..\..\VarCalc\GdaLexer.h">
      <Filter>VarCalc</Filter>
    </ClInclude>
    <ClInclude Include="..\..\VarCalc\GdaParser.h">
      <Filter>VarCalc</Filter>
    </ClInclude>
    <ClInclude Include="..\..\DialogTools\SelectWeightsDlg.h">
      <Filter>DialogTools</Filter>
    </ClInclude>
    <ClInclude Include="..\..\VarCalc\WeightsManInterface.h">
      <Filter>VarCalc</Filter>
    </ClInclude>
    <ClInclude Include="..\..\VarCalc\WeightsMetaInfo.h">
      <Filter>VarCalc</Filter>
    </ClInclude>
    <ClInclude Include="..\..\ShapeOperations\WeightsManState.h">
      <Filter>ShapeOperations</Filter>
    </ClInclude>
    <ClInclude Include="..\..\ShapeOperations\WeightsManStateObserver.h">
      <Filter>ShapeOperations</Filter>
    </ClInclude>
    <ClInclude Include="..\..\ShapeOperations\WeightUtils.h">
      <Filter>ShapeOperations</Filter>
    </ClInclude>
    <ClInclude Include="..\..\DialogTools\WeightsManDlg.h">
      <Filter>DialogTools</Filter>
    </ClInclude>
    <ClInclude Include="..\..\Explore\ConnectivityMapView.h">
      <Filter>Explore</Filter>
    </ClInclude>
    <ClInclude Include="..\..\VarCalc\CalcHelp.h" />
    <ClInclude Include="..\..\Explore\WebViewExampleWin.h">
      <Filter>Explore</Filter>
    </ClInclude>
    <ClInclude Include="..\..\GdaJson.h" />
    <ClInclude Include="..\..\ShapeOperations\Lowess.h">
      <Filter>ShapeOperations</Filter>
    </ClInclude>
    <ClInclude Include="..\..\VarTools.h" />
    <ClInclude Include="..\..\Explore\LowessParamDlg.h">
      <Filter>Explore</Filter>
    </ClInclude>
    <ClInclude Include="..\..\Explore\LowessParamObservable.h">
      <Filter>Explore</Filter>
    </ClInclude>
    <ClInclude Include="..\..\Explore\LowessParamObserver.h">
      <Filter>Explore</Filter>
    </ClInclude>
    <ClInclude Include="..\..\Explore\ScatterPlotMatView.h">
      <Filter>Explore</Filter>
    </ClInclude>
    <ClInclude Include="..\..\Explore\VarsChooserDlg.h">
      <Filter>Explore</Filter>
    </ClInclude>
    <ClInclude Include="..\..\Explore\VarsChooserObservable.h">
      <Filter>Explore</Filter>
    </ClInclude>
    <ClInclude Include="..\..\Explore\VarsChooserObserver.h">
      <Filter>Explore</Filter>
    </ClInclude>
    <ClInclude Include="..\..\ShapeOperations\SmoothingUtils.h">
      <Filter>ShapeOperations</Filter>
    </ClInclude>
    <ClInclude Include="..\..\DialogTools\WebViewHelpWin.h">
      <Filter>DialogTools</Filter>
    </ClInclude>
    <ClInclude Include="..\..\Explore\LineChartCanvas.h">
      <Filter>Explore</Filter>
    </ClInclude>
    <ClInclude Include="..\..\Explore\LineChartView.h">
      <Filter>Explore</Filter>
    </ClInclude>
    <ClInclude Include="..\..\Explore\SimpleAxisCanvas.h">
      <Filter>Explore</Filter>
    </ClInclude>
    <ClInclude Include="..\..\Explore\SimpleHistCanvas.h">
      <Filter>Explore</Filter>
    </ClInclude>
    <ClInclude Include="..\..\Explore\SimpleScatterPlotCanvas.h">
      <Filter>Explore</Filter>
    </ClInclude>
    <ClInclude Include="..\..\Explore\LineChartStats.h">
      <Filter>Explore</Filter>
    </ClInclude>
    <ClInclude Include="..\..\Explore\CovSpHLStateProxy.h">
      <Filter>Explore</Filter>
    </ClInclude>
    <ClInclude Include="..\..\Explore\CovSpView.h">
      <Filter>Explore</Filter>
    </ClInclude>
    <ClInclude Include="..\..\Explore\DistancesCalc.h">
      <Filter>Explore</Filter>
    </ClInclude>
    <ClInclude Include="..\..\libgdiam\gdiam.hpp">
      <Filter>libgdiam</Filter>
    </ClInclude>
    <ClInclude Include="..\..\ShpFile.h" />
    <ClInclude Include="..\..\SpatialIndAlgs.h" />
    <ClInclude Include="..\..\SpatialIndTypes.h" />
    <ClInclude Include="..\..\GdaShape.h" />
    <ClInclude Include="..\..\PointSetAlgs.h" />
    <ClInclude Include="..\..\VarCalc\NumericTests.h">
      <Filter>VarCalc</Filter>
    </ClInclude>
    <ClInclude Include="..\..\Explore\CorrelogramView.h">
      <Filter>Explore</Filter>
    </ClInclude>
    <ClInclude Include="..\..\Explore\CorrelParamsDlg.h">
      <Filter>Explore</Filter>
    </ClInclude>
    <ClInclude Include="..\..\Explore\CorrelParamsObservable.h">
      <Filter>Explore</Filter>
    </ClInclude>
    <ClInclude Include="..\..\Explore\CorrelParamsObserver.h">
      <Filter>Explore</Filter>
    </ClInclude>
    <ClInclude Include="..\..\HighlightState.h" />
    <ClInclude Include="..\..\HighlightStateObserver.h" />
    <ClInclude Include="..\..\HLStateInt.h" />
    <ClInclude Include="..\..\Observable.h" />
    <ClInclude Include="..\..\Observer.h" />
    <ClInclude Include="..\..\ShapeOperations\PolysToContigWeights.h">
      <Filter>ShapeOperations</Filter>
    </ClInclude>
    <ClInclude Include="..\..\Explore\SimpleBinsHistCanvas.h">
      <Filter>Explore</Filter>
    </ClInclude>
    <ClInclude Include="..\..\Explore\CorrelogramAlgs.h">
      <Filter>Explore</Filter>
    </ClInclude>
    <ClInclude Include="..\..\Explore\Basemap.h">
      <Filter>Explore</Filter>
    </ClInclude>
    <ClInclude Include="..\..\GdaCartoDB.h" />
    <ClInclude Include="..\..\GenUtils.h" />
    <ClInclude Include="..\..\DialogTools\BasemapConfDlg.h">
      <Filter>DialogTools</Filter>
    </ClInclude>
    <ClInclude Include="..\..\DialogTools\PublishDlg.h">
      <Filter>DialogTools</Filter>
    </ClInclude>
    <ClInclude Include="..\..\DialogTools\AdjustYAxisDlg.h">
      <Filter>DialogTools</Filter>
    </ClInclude>
    <ClInclude Include="..\..\DialogTools\AutoUpdateDlg.h">
      <Filter>DialogTools</Filter>
    </ClInclude>
    <ClInclude Include="..\..\DialogTools\CsvFieldConfDlg.h">
      <Filter>DialogTools</Filter>
    </ClInclude>
    <ClInclude Include="..\..\DialogTools\ReportBugDlg.h">
      <Filter>DialogTools</Filter>
    </ClInclude>
    <ClInclude Include="..\..\Explore\ConditionalClusterMapView.h">
      <Filter>Explore</Filter>
    </ClInclude>
    <ClInclude Include="..\..\Explore\LocalGearyCoordinator.h">
      <Filter>Explore</Filter>
    </ClInclude>
    <ClInclude Include="..\..\Explore\LocalGearyCoordinatorObserver.h">
      <Filter>Explore</Filter>
    </ClInclude>
    <ClInclude Include="..\..\Explore\LocalGearyMapNewView.h">
      <Filter>Explore</Filter>
    </ClInclude>
    <ClInclude Include="..\..\DialogTools\HClusterDlg.h">
      <Filter>DialogTools</Filter>
    </ClInclude>
    <ClInclude Include="..\..\DialogTools\KMeansDlg.h">
      <Filter>DialogTools</Filter>
    </ClInclude>
    <ClInclude Include="..\..\Algorithms\cluster.h">
      <Filter>Algorithms</Filter>
    </ClInclude>
    <ClInclude Include="..\..\Algorithms\maxp.h">
      <Filter>Algorithms</Filter>
    </ClInclude>
    <ClInclude Include="..\..\Algorithms\pca.h">
      <Filter>Algorithms</Filter>
    </ClInclude>
    <ClInclude Include="..\..\DialogTools\MaxpDlg.h">
      <Filter>DialogTools</Filter>
    </ClInclude>
    <ClInclude Include="..\..\Algorithms\spectral.h">
      <Filter>Algorithms</Filter>
    </ClInclude>
    <ClInclude Include="..\..\DialogTools\SpectralClusteringDlg.h">
      <Filter>DialogTools</Filter>
    </ClInclude>
    <ClInclude Include="..\..\Algorithms\geocoding.h">
      <Filter>Algorithms</Filter>
    </ClInclude>
    <ClInclude Include="..\..\Algorithms\redcap.h">
      <Filter>Algorithms</Filter>
    </ClInclude>
    <ClInclude Include="..\..\DialogTools\GeocodingDlg.h">
      <Filter>DialogTools</Filter>
    </ClInclude>
    <ClInclude Include="..\..\DialogTools\MDSDlg.h">
      <Filter>DialogTools</Filter>
    </ClInclude>
    <ClInclude Include="..\..\DialogTools\RedcapDlg.h">
      <Filter>DialogTools</Filter>
    </ClInclude>
    <ClInclude Include="..\..\DialogTools\AbstractClusterDlg.h">
      <Filter>DialogTools</Filter>
    </ClInclude>
    <ClInclude Include="..\..\DialogTools\AggregateDlg.h">
      <Filter>DialogTools</Filter>
    </ClInclude>
    <ClInclude Include="..\..\DialogTools\FieldNewCalcDateTimeDlg.h">
      <Filter>DialogTools</Filter>
    </ClInclude>
    <ClInclude Include="..\..\Explore\ColocationMapView.h">
      <Filter>Explore</Filter>
    </ClInclude>
    <ClInclude Include="..\..\DialogTools\PCASettingsDlg.h">
      <Filter>DialogTools</Filter>
    </ClInclude>
    <ClInclude Include="..\..\Explore\MLJCMapNewView.h">
      <Filter>Explore</Filter>
    </ClInclude>
    <ClInclude Include="..\..\Explore\MLJCCoordinator.h">
      <Filter>Explore</Filter>
    </ClInclude>
    <ClInclude Include="..\..\Explore\MLJCCoordinatorObserver.h">
      <Filter>Explore</Filter>
    </ClInclude>
    <ClInclude Include="..\..\Algorithms\DataUtils.h">
      <Filter>Algorithms</Filter>
    </ClInclude>
    <ClInclude Include="..\..\Algorithms\texttable.h">
      <Filter>Algorithms</Filter>
    </ClInclude>
    <ClInclude Include="..\..\Algorithms\mds.h">
      <Filter>Algorithms</Filter>
    </ClInclude>
    <ClInclude Include="..\..\Algorithms\skater.h">
      <Filter>Algorithms</Filter>
    </ClInclude>
    <ClInclude Include="..\..\DialogTools\SkaterDlg.h">
      <Filter>DialogTools</Filter>
    </ClInclude>
    <ClInclude Include="..\..\DialogTools\PreferenceDlg.h">
      <Filter>DialogTools</Filter>
    </ClInclude>
    <ClInclude Include="..\..\Explore\AbstractClusterMap.h">
      <Filter>Explore</Filter>
    </ClInclude>
    <ClInclude Include="..\..\Explore\AbstractCoordinator.h">
      <Filter>Explore</Filter>
    </ClInclude>
    <ClInclude Include="..\..\io\arcgis_swm.h">
      <Filter>io</Filter>
    </ClInclude>
    <ClInclude Include="..\..\io\matlab_mat.h">
      <Filter>io</Filter>
    </ClInclude>
    <ClInclude Include="..\..\io\weights_interface.h">
      <Filter>io</Filter>
    </ClInclude>
    <ClInclude Include="..\..\io\MatfileReader.h">
      <Filter>io</Filter>
    </ClInclude>
    <ClInclude Include="..\..\wxTranslationHelper.h" />
    <ClInclude Include="..\..\Algorithms\hdbscan.h">
      <Filter>Algorithms</Filter>
    </ClInclude>
    <ClInclude Include="..\..\DialogTools\HDBScanDlg.h">
      <Filter>DialogTools</Filter>
    </ClInclude>
    <ClInclude Include="..\..\kNN\ANN.h">
      <Filter>kNN</Filter>
    </ClInclude>
    <ClInclude Include="..\..\kNN\ANNperf.h">
      <Filter>kNN</Filter>
    </ClInclude>
    <ClInclude Include="..\..\kNN\ANNx.h">
      <Filter>kNN</Filter>
    </ClInclude>
    <ClInclude Include="..\..\kNN\kd_pr_search.h">
      <Filter>kNN</Filter>
    </ClInclude>
    <ClInclude Include="..\..\kNN\kd_search.h">
      <Filter>kNN</Filter>
    </ClInclude>
    <ClInclude Include="..\..\kNN\kd_split.h">
      <Filter>kNN</Filter>
    </ClInclude>
    <ClInclude Include="..\..\kNN\kd_tree.h">
      <Filter>kNN</Filter>
    </ClInclude>
    <ClInclude Include="..\..\kNN\kd_util.h">
      <Filter>kNN</Filter>
    </ClInclude>
    <ClInclude Include="..\..\kNN\pr_queue.h">
      <Filter>kNN</Filter>
    </ClInclude>
    <ClInclude Include="..\..\kNN\pr_queue_k.h">
      <Filter>kNN</Filter>
    </ClInclude>
    <ClInclude Include="..\..\kNN\values.h">
      <Filter>kNN</Filter>
    </ClInclude>
    <ClInclude Include="..\..\Algorithms\distmatrix.h">
      <Filter>Algorithms</Filter>
    </ClInclude>
    <ClInclude Include="..\..\Algorithms\fastcluster.h">
      <Filter>Algorithms</Filter>
    </ClInclude>
    <ClInclude Include="..\..\Algorithms\gpu_lisa.h">
      <Filter>Algorithms</Filter>
    </ClInclude>
    <ClInclude Include="..\..\arizona\viz3\mathstuff.h">
      <Filter>arizona\viz3</Filter>
    </ClInclude>
    <ClInclude Include="..\..\arizona\viz3\oglpfuncs.h">
      <Filter>arizona\viz3</Filter>
    </ClInclude>
    <ClInclude Include="..\..\arizona\viz3\oglstuff.h">
      <Filter>arizona\viz3</Filter>
    </ClInclude>
    <ClInclude Include="..\..\arizona\viz3\plots\scatterplot.h">
      <Filter>arizona\viz3\plots</Filter>
    </ClInclude>
    <ClInclude Include="..\..\ogl\basic.h">
      <Filter>ogl</Filter>
    </ClInclude>
    <ClInclude Include="..\..\ogl\basicp.h">
      <Filter>ogl</Filter>
    </ClInclude>
    <ClInclude Include="..\..\ogl\bmpshape.h">
      <Filter>ogl</Filter>
    </ClInclude>
    <ClInclude Include="..\..\ogl\canvas.h">
      <Filter>ogl</Filter>
    </ClInclude>
    <ClInclude Include="..\..\ogl\composit.h">
      <Filter>ogl</Filter>
    </ClInclude>
    <ClInclude Include="..\..\ogl\constrnt.h">
      <Filter>ogl</Filter>
    </ClInclude>
    <ClInclude Include="..\..\ogl\divided.h">
      <Filter>ogl</Filter>
    </ClInclude>
    <ClInclude Include="..\..\ogl\drawn.h">
      <Filter>ogl</Filter>
    </ClInclude>
    <ClInclude Include="..\..\ogl\drawnp.h">
      <Filter>ogl</Filter>
    </ClInclude>
    <ClInclude Include="..\..\ogl\lines.h">
      <Filter>ogl</Filter>
    </ClInclude>
    <ClInclude Include="..\..\ogl\linesp.h">
      <Filter>ogl</Filter>
    </ClInclude>
    <ClInclude Include="..\..\ogl\mfutils.h">
      <Filter>ogl</Filter>
    </ClInclude>
    <ClInclude Include="..\..\ogl\misc.h">
      <Filter>ogl</Filter>
    </ClInclude>
    <ClInclude Include="..\..\ogl\ogl.h">
      <Filter>ogl</Filter>
    </ClInclude>
    <ClInclude Include="..\..\ogl\ogldiag.h">
      <Filter>ogl</Filter>
    </ClInclude>
    <ClInclude Include="..\..\Explore\MapLayoutView.h">
      <Filter>Explore</Filter>
    </ClInclude>
    <ClInclude Include="..\..\Explore\MapLayer.hpp">
      <Filter>Explore</Filter>
    </ClInclude>
    <ClInclude Include="..\..\MapLayerStateObserver.h" />
  </ItemGroup>
  <ItemGroup>
    <ClCompile Include="..\..\rc\GdaAppResources.cpp">
      <Filter>rc</Filter>
    </ClCompile>
    <ClCompile Include="..\..\ShapeOperations\CsvFileUtils.cpp">
      <Filter>ShapeOperations</Filter>
    </ClCompile>
    <ClCompile Include="..\..\ShapeOperations\DorlingCartogram.cpp">
      <Filter>ShapeOperations</Filter>
    </ClCompile>
    <ClCompile Include="..\..\shapeoperations\GalWeight.cpp">
      <Filter>ShapeOperations</Filter>
    </ClCompile>
    <ClCompile Include="..\..\shapeoperations\GeodaWeight.cpp">
      <Filter>ShapeOperations</Filter>
    </ClCompile>
    <ClCompile Include="..\..\shapeoperations\GwtWeight.cpp">
      <Filter>ShapeOperations</Filter>
    </ClCompile>
    <ClCompile Include="..\..\shapeoperations\Randik.cpp">
      <Filter>ShapeOperations</Filter>
    </ClCompile>
    <ClCompile Include="..\..\shapeoperations\RateSmoothing.cpp">
      <Filter>ShapeOperations</Filter>
    </ClCompile>
    <ClCompile Include="..\..\ShapeOperations\VoronoiUtils.cpp">
      <Filter>ShapeOperations</Filter>
    </ClCompile>
    <ClCompile Include="..\..\shapeoperations\WeightsManager.cpp">
      <Filter>ShapeOperations</Filter>
    </ClCompile>
    <ClCompile Include="..\..\shapeoperations\OGRDataAdapter.cpp">
      <Filter>ShapeOperations</Filter>
    </ClCompile>
    <ClCompile Include="..\..\regression\DenseMatrix.cpp">
      <Filter>Regression</Filter>
    </ClCompile>
    <ClCompile Include="..\..\regression\DenseVector.cpp">
      <Filter>Regression</Filter>
    </ClCompile>
    <ClCompile Include="..\..\regression\DiagnosticReport.cpp">
      <Filter>Regression</Filter>
    </ClCompile>
    <ClCompile Include="..\..\regression\mix.cpp">
      <Filter>Regression</Filter>
    </ClCompile>
    <ClCompile Include="..\..\regression\ML_im.cpp">
      <Filter>Regression</Filter>
    </ClCompile>
    <ClCompile Include="..\..\regression\PowerLag.cpp">
      <Filter>Regression</Filter>
    </ClCompile>
    <ClCompile Include="..\..\regression\PowerSymLag.cpp">
      <Filter>Regression</Filter>
    </ClCompile>
    <ClCompile Include="..\..\regression\smile2.cpp">
      <Filter>Regression</Filter>
    </ClCompile>
    <ClCompile Include="..\..\regression\SparseMatrix.cpp">
      <Filter>Regression</Filter>
    </ClCompile>
    <ClCompile Include="..\..\regression\SparseRow.cpp">
      <Filter>Regression</Filter>
    </ClCompile>
    <ClCompile Include="..\..\regression\SparseVector.cpp">
      <Filter>Regression</Filter>
    </ClCompile>
    <ClCompile Include="..\..\regression\Weights.cpp">
      <Filter>Regression</Filter>
    </ClCompile>
    <ClCompile Include="..\..\dialogtools\3DControlPan.cpp">
      <Filter>DialogTools</Filter>
    </ClCompile>
    <ClCompile Include="..\..\dialogtools\AddIdVariable.cpp">
      <Filter>DialogTools</Filter>
    </ClCompile>
    <ClCompile Include="..\..\dialogtools\Bnd2ShpDlg.cpp">
      <Filter>DialogTools</Filter>
    </ClCompile>
    <ClCompile Include="..\..\DialogTools\CatClassifDlg.cpp">
      <Filter>DialogTools</Filter>
    </ClCompile>
    <ClCompile Include="..\..\dialogtools\CreateGridDlg.cpp">
      <Filter>DialogTools</Filter>
    </ClCompile>
    <ClCompile Include="..\..\dialogtools\CreatingWeightDlg.cpp">
      <Filter>DialogTools</Filter>
    </ClCompile>
    <ClCompile Include="..\..\DialogTools\ExportCsvDlg.cpp">
      <Filter>DialogTools</Filter>
    </ClCompile>
    <ClCompile Include="..\..\DialogTools\FieldNewCalcBinDlg.cpp">
      <Filter>DialogTools</Filter>
    </ClCompile>
    <ClCompile Include="..\..\DialogTools\FieldNewCalcLagDlg.cpp">
      <Filter>DialogTools</Filter>
    </ClCompile>
    <ClCompile Include="..\..\DialogTools\FieldNewCalcRateDlg.cpp">
      <Filter>DialogTools</Filter>
    </ClCompile>
    <ClCompile Include="..\..\DialogTools\FieldNewCalcSheetDlg.cpp">
      <Filter>DialogTools</Filter>
    </ClCompile>
    <ClCompile Include="..\..\DialogTools\FieldNewCalcSpecialDlg.cpp">
      <Filter>DialogTools</Filter>
    </ClCompile>
    <ClCompile Include="..\..\DialogTools\FieldNewCalcUniDlg.cpp">
      <Filter>DialogTools</Filter>
    </ClCompile>
    <ClCompile Include="..\..\DialogTools\GetisOrdChoiceDlg.cpp">
      <Filter>DialogTools</Filter>
    </ClCompile>
    <ClCompile Include="..\..\dialogtools\HistIntervalDlg.cpp">
      <Filter>DialogTools</Filter>
    </ClCompile>
    <ClCompile Include="..\..\DialogTools\ImportCsvDlg.cpp">
      <Filter>DialogTools</Filter>
    </ClCompile>
    <ClCompile Include="..\..\dialogtools\LisaWhat2OpenDlg.cpp">
      <Filter>DialogTools</Filter>
    </ClCompile>
    <ClCompile Include="..\..\dialogtools\PCPDlg.cpp">
      <Filter>DialogTools</Filter>
    </ClCompile>
    <ClCompile Include="..\..\dialogtools\PermutationCounterDlg.cpp">
      <Filter>DialogTools</Filter>
    </ClCompile>
    <ClCompile Include="..\..\dialogtools\ProgressDlg.cpp">
      <Filter>DialogTools</Filter>
    </ClCompile>
    <ClCompile Include="..\..\dialogtools\RandomizationDlg.cpp">
      <Filter>DialogTools</Filter>
    </ClCompile>
    <ClCompile Include="..\..\DialogTools\RangeSelectionDlg.cpp">
      <Filter>DialogTools</Filter>
    </ClCompile>
    <ClCompile Include="..\..\dialogtools\RegressionDlg.cpp">
      <Filter>DialogTools</Filter>
    </ClCompile>
    <ClCompile Include="..\..\dialogtools\RegressionReportDlg.cpp">
      <Filter>DialogTools</Filter>
    </ClCompile>
    <ClCompile Include="..\..\dialogtools\SaveSelectionDlg.cpp">
      <Filter>DialogTools</Filter>
    </ClCompile>
    <ClCompile Include="..\..\DialogTools\SaveToTableDlg.cpp">
      <Filter>DialogTools</Filter>
    </ClCompile>
    <ClCompile Include="..\..\DialogTools\TimeChooserDlg.cpp">
      <Filter>DialogTools</Filter>
    </ClCompile>
    <ClCompile Include="..\..\dialogtools\VariableSettingsDlg.cpp">
      <Filter>DialogTools</Filter>
    </ClCompile>
    <ClCompile Include="..\..\explore\3DPlotView.cpp">
      <Filter>Explore</Filter>
    </ClCompile>
    <ClCompile Include="..\..\Explore\BoxNewPlotView.cpp">
      <Filter>Explore</Filter>
    </ClCompile>
    <ClCompile Include="..\..\Explore\CartogramNewView.cpp">
      <Filter>Explore</Filter>
    </ClCompile>
    <ClCompile Include="..\..\Explore\CatClassification.cpp">
      <Filter>Explore</Filter>
    </ClCompile>
    <ClCompile Include="..\..\Explore\CatClassifManager.cpp">
      <Filter>Explore</Filter>
    </ClCompile>
    <ClCompile Include="..\..\Explore\CatClassifState.cpp">
      <Filter>Explore</Filter>
    </ClCompile>
    <ClCompile Include="..\..\Explore\ConditionalHistogramView.cpp">
      <Filter>Explore</Filter>
    </ClCompile>
    <ClCompile Include="..\..\Explore\ConditionalMapView.cpp">
      <Filter>Explore</Filter>
    </ClCompile>
    <ClCompile Include="..\..\Explore\ConditionalNewView.cpp">
      <Filter>Explore</Filter>
    </ClCompile>
    <ClCompile Include="..\..\Explore\ConditionalScatterPlotView.cpp">
      <Filter>Explore</Filter>
    </ClCompile>
    <ClCompile Include="..\..\Explore\ConnectivityHistView.cpp">
      <Filter>Explore</Filter>
    </ClCompile>
    <ClCompile Include="..\..\DialogTools\DataMovieDlg.cpp">
      <Filter>DialogTools</Filter>
    </ClCompile>
    <ClCompile Include="..\..\explore\Geom3D.cpp">
      <Filter>Explore</Filter>
    </ClCompile>
    <ClCompile Include="..\..\Explore\GetisOrdMapNewView.cpp">
      <Filter>Explore</Filter>
    </ClCompile>
    <ClCompile Include="..\..\explore\GStatCoordinator.cpp">
      <Filter>Explore</Filter>
    </ClCompile>
    <ClCompile Include="..\..\Explore\HistogramView.cpp">
      <Filter>Explore</Filter>
    </ClCompile>
    <ClCompile Include="..\..\Explore\LisaCoordinator.cpp">
      <Filter>Explore</Filter>
    </ClCompile>
    <ClCompile Include="..\..\Explore\LisaMapNewView.cpp">
      <Filter>Explore</Filter>
    </ClCompile>
    <ClCompile Include="..\..\Explore\LisaScatterPlotView.cpp">
      <Filter>Explore</Filter>
    </ClCompile>
    <ClCompile Include="..\..\Explore\MapNewView.cpp">
      <Filter>Explore</Filter>
    </ClCompile>
    <ClCompile Include="..\..\Explore\PCPNewView.cpp">
      <Filter>Explore</Filter>
    </ClCompile>
    <ClCompile Include="..\..\Explore\ScatterNewPlotView.cpp">
      <Filter>Explore</Filter>
    </ClCompile>
    <ClCompile Include="..\..\DataViewer\DataViewerAddColDlg.cpp">
      <Filter>DataViewer</Filter>
    </ClCompile>
    <ClCompile Include="..\..\DataViewer\DataViewerDeleteColDlg.cpp">
      <Filter>DataViewer</Filter>
    </ClCompile>
    <ClCompile Include="..\..\DataViewer\DataViewerEditFieldPropertiesDlg.cpp">
      <Filter>DataViewer</Filter>
    </ClCompile>
    <ClCompile Include="..\..\DataViewer\DataViewerResizeColDlg.cpp">
      <Filter>DataViewer</Filter>
    </ClCompile>
    <ClCompile Include="..\..\DataViewer\MergeTableDlg.cpp">
      <Filter>DataViewer</Filter>
    </ClCompile>
    <ClCompile Include="..\..\DataViewer\TableState.cpp">
      <Filter>DataViewer</Filter>
    </ClCompile>
    <ClCompile Include="..\..\FramesManager.cpp" />
    <ClCompile Include="..\..\GeneralWxUtils.cpp" />
    <ClCompile Include="..\..\GenGeomAlgs.cpp" />
    <ClCompile Include="..\..\GenUtils.cpp" />
    <ClCompile Include="..\..\GeoDa.cpp" />
    <ClCompile Include="..\..\logger.cpp" />
    <ClCompile Include="..\..\Project.cpp" />
    <ClCompile Include="..\..\TemplateCanvas.cpp" />
    <ClCompile Include="..\..\TemplateFrame.cpp" />
    <ClCompile Include="..\..\TemplateLegend.cpp" />
    <ClCompile Include="..\..\DataViewer\TimeState.cpp">
      <Filter>DataViewer</Filter>
    </ClCompile>
    <ClCompile Include="..\..\dialogtools\ConnectDatasourceDlg.cpp">
      <Filter>DialogTools</Filter>
    </ClCompile>
    <ClCompile Include="..\..\DataViewer\OGRTable.cpp">
      <Filter>DataViewer</Filter>
    </ClCompile>
    <ClCompile Include="..\..\DataViewer\TableBase.cpp">
      <Filter>DataViewer</Filter>
    </ClCompile>
    <ClCompile Include="..\..\DataViewer\TableFrame.cpp">
      <Filter>DataViewer</Filter>
    </ClCompile>
    <ClCompile Include="..\..\DataViewer\TableInterface.cpp">
      <Filter>DataViewer</Filter>
    </ClCompile>
    <ClCompile Include="..\..\ShapeOperations\OGRDatasourceProxy.cpp">
      <Filter>ShapeOperations</Filter>
    </ClCompile>
    <ClCompile Include="..\..\ShapeOperations\OGRFieldProxy.cpp">
      <Filter>ShapeOperations</Filter>
    </ClCompile>
    <ClCompile Include="..\..\ShapeOperations\OGRLayerProxy.cpp">
      <Filter>ShapeOperations</Filter>
    </ClCompile>
    <ClCompile Include="..\..\DialogTools\ExportDataDlg.cpp">
      <Filter>DialogTools</Filter>
    </ClCompile>
    <ClCompile Include="..\..\ShapeOperations\GdaCache.cpp">
      <Filter>ShapeOperations</Filter>
    </ClCompile>
    <ClCompile Include="..\..\DataViewer\DataSource.cpp">
      <Filter>DataViewer</Filter>
    </ClCompile>
    <ClCompile Include="..\..\ProjectConf.cpp" />
    <ClCompile Include="..\..\DialogTools\TimeEditorDlg.cpp">
      <Filter>DialogTools</Filter>
    </ClCompile>
    <ClCompile Include="..\..\DialogTools\AutoCompTextCtrl.cpp">
      <Filter>DialogTools</Filter>
    </ClCompile>
    <ClCompile Include="..\..\DataViewer\VarOrderPtree.cpp">
      <Filter>DataViewer</Filter>
    </ClCompile>
    <ClCompile Include="..\..\DataViewer\VarOrderMapper.cpp">
      <Filter>DataViewer</Filter>
    </ClCompile>
    <ClCompile Include="..\..\DataViewer\VarGroup.cpp">
      <Filter>DataViewer</Filter>
    </ClCompile>
    <ClCompile Include="..\..\DialogTools\VarGroupingEditorDlg.cpp">
      <Filter>DialogTools</Filter>
    </ClCompile>
    <ClCompile Include="..\..\DataViewer\OGRColumn.cpp">
      <Filter>DataViewer</Filter>
    </ClCompile>
    <ClCompile Include="..\..\SaveButtonManager.cpp" />
    <ClCompile Include="..\..\DialogTools\DatasourceDlg.cpp">
      <Filter>DialogTools</Filter>
    </ClCompile>
    <ClCompile Include="..\..\DefaultVarsPtree.cpp">
      <Filter>DialogTools</Filter>
    </ClCompile>
    <ClCompile Include="..\..\DataViewer\CustomClassifPtree.cpp">
      <Filter>DataViewer</Filter>
    </ClCompile>
    <ClCompile Include="..\..\DialogTools\SaveAsDlg.cpp">
      <Filter>DialogTools</Filter>
    </ClCompile>
    <ClCompile Include="..\..\ShapeOperations\WeightsManPtree.cpp">
      <Filter>ShapeOperations</Filter>
    </ClCompile>
    <ClCompile Include="..\..\DataViewer\OGRTableOperation.cpp">
      <Filter>DataViewer</Filter>
    </ClCompile>
    <ClCompile Include="..\..\DialogTools\ProjectInfoDlg.cpp">
      <Filter>DialogTools</Filter>
    </ClCompile>
    <ClCompile Include="..\..\DialogTools\FieldNameCorrectionDlg.cpp" />
    <ClCompile Include="..\..\DialogTools\LocaleSetupDlg.cpp">
      <Filter>DialogTools</Filter>
    </ClCompile>
    <ClCompile Include="..\..\DialogTools\NumCategoriesDlg.cpp">
      <Filter>DialogTools</Filter>
    </ClCompile>
    <ClCompile Include="..\..\GdaConst.cpp" />
    <ClCompile Include="..\..\DialogTools\CalculatorDlg.cpp">
      <Filter>DialogTools</Filter>
    </ClCompile>
    <ClCompile Include="..\..\VarCalc\GdaFlexValue.cpp">
      <Filter>VarCalc</Filter>
    </ClCompile>
    <ClCompile Include="..\..\VarCalc\GdaLexer.cpp">
      <Filter>VarCalc</Filter>
    </ClCompile>
    <ClCompile Include="..\..\VarCalc\GdaParser.cpp">
      <Filter>VarCalc</Filter>
    </ClCompile>
    <ClCompile Include="..\..\DialogTools\SelectWeightsDlg.cpp">
      <Filter>DialogTools</Filter>
    </ClCompile>
    <ClCompile Include="..\..\VarCalc\WeightsMetaInfo.cpp">
      <Filter>VarCalc</Filter>
    </ClCompile>
    <ClCompile Include="..\..\ShapeOperations\WeightsManState.cpp">
      <Filter>ShapeOperations</Filter>
    </ClCompile>
    <ClCompile Include="..\..\ShapeOperations\WeightUtils.cpp">
      <Filter>ShapeOperations</Filter>
    </ClCompile>
    <ClCompile Include="..\..\DialogTools\WeightsManDlg.cpp">
      <Filter>DialogTools</Filter>
    </ClCompile>
    <ClCompile Include="..\..\Explore\ConnectivityMapView.cpp">
      <Filter>Explore</Filter>
    </ClCompile>
    <ClCompile Include="..\..\VarCalc\CalcHelp.cpp" />
    <ClCompile Include="..\..\Explore\WebViewExampleWin.cpp">
      <Filter>Explore</Filter>
    </ClCompile>
    <ClCompile Include="..\..\GdaJson.cpp" />
    <ClCompile Include="..\..\ShapeOperations\Lowess.cpp">
      <Filter>ShapeOperations</Filter>
    </ClCompile>
    <ClCompile Include="..\..\VarTools.cpp" />
    <ClCompile Include="..\..\Explore\LowessParamDlg.cpp">
      <Filter>Explore</Filter>
    </ClCompile>
    <ClCompile Include="..\..\Explore\LowessParamObservable.cpp">
      <Filter>Explore</Filter>
    </ClCompile>
    <ClCompile Include="..\..\Explore\ScatterPlotMatView.cpp">
      <Filter>Explore</Filter>
    </ClCompile>
    <ClCompile Include="..\..\Explore\VarsChooserDlg.cpp">
      <Filter>Explore</Filter>
    </ClCompile>
    <ClCompile Include="..\..\Explore\VarsChooserObservable.cpp">
      <Filter>Explore</Filter>
    </ClCompile>
    <ClCompile Include="..\..\ShapeOperations\SmoothingUtils.cpp">
      <Filter>ShapeOperations</Filter>
    </ClCompile>
    <ClCompile Include="..\..\DialogTools\WebViewHelpWin.cpp">
      <Filter>DialogTools</Filter>
    </ClCompile>
    <ClCompile Include="..\..\Explore\LineChartCanvas.cpp">
      <Filter>Explore</Filter>
    </ClCompile>
    <ClCompile Include="..\..\Explore\LineChartView.cpp">
      <Filter>Explore</Filter>
    </ClCompile>
    <ClCompile Include="..\..\Explore\SimpleAxisCanvas.cpp">
      <Filter>Explore</Filter>
    </ClCompile>
    <ClCompile Include="..\..\Explore\SimpleHistCanvas.cpp">
      <Filter>Explore</Filter>
    </ClCompile>
    <ClCompile Include="..\..\Explore\SimpleScatterPlotCanvas.cpp">
      <Filter>Explore</Filter>
    </ClCompile>
    <ClCompile Include="..\..\Explore\LineChartStats.cpp">
      <Filter>Explore</Filter>
    </ClCompile>
    <ClCompile Include="..\..\Explore\CovSpHLStateProxy.cpp">
      <Filter>Explore</Filter>
    </ClCompile>
    <ClCompile Include="..\..\Explore\CovSpView.cpp">
      <Filter>Explore</Filter>
    </ClCompile>
    <ClCompile Include="..\..\Explore\DistancesCalc.cpp">
      <Filter>Explore</Filter>
    </ClCompile>
    <ClCompile Include="..\..\libgdiam\gdiam.cpp">
      <Filter>libgdiam</Filter>
    </ClCompile>
    <ClCompile Include="..\..\ShpFile.cpp" />
    <ClCompile Include="..\..\SpatialIndAlgs.cpp" />
    <ClCompile Include="..\..\GdaShape.cpp" />
    <ClCompile Include="..\..\PointSetAlgs.cpp" />
    <ClCompile Include="..\..\VarCalc\NumericTests.cpp">
      <Filter>VarCalc</Filter>
    </ClCompile>
    <ClCompile Include="..\..\Explore\CorrelogramView.cpp">
      <Filter>Explore</Filter>
    </ClCompile>
    <ClCompile Include="..\..\Explore\CorrelParamsDlg.cpp">
      <Filter>Explore</Filter>
    </ClCompile>
    <ClCompile Include="..\..\Explore\CorrelParamsObservable.cpp">
      <Filter>Explore</Filter>
    </ClCompile>
    <ClCompile Include="..\..\HighlightState.cpp" />
    <ClCompile Include="..\..\ShapeOperations\PolysToContigWeights.cpp">
      <Filter>ShapeOperations</Filter>
    </ClCompile>
    <ClCompile Include="..\..\Explore\SimpleBinsHistCanvas.cpp">
      <Filter>Explore</Filter>
    </ClCompile>
    <ClCompile Include="..\..\Explore\CorrelogramAlgs.cpp">
      <Filter>Explore</Filter>
    </ClCompile>
    <ClCompile Include="..\..\Explore\Basemap.cpp">
      <Filter>Explore</Filter>
    </ClCompile>
    <ClCompile Include="..\..\GdaCartoDB.cpp" />
    <ClCompile Include="..\..\DialogTools\BasemapConfDlg.cpp">
      <Filter>DialogTools</Filter>
    </ClCompile>
    <ClCompile Include="..\..\DialogTools\PublishDlg.cpp">
      <Filter>DialogTools</Filter>
    </ClCompile>
    <ClCompile Include="..\..\DialogTools\AdjustYAxisDlg.cpp">
      <Filter>DialogTools</Filter>
    </ClCompile>
    <ClCompile Include="..\..\DialogTools\AutoUpdateDlg.cpp">
      <Filter>DialogTools</Filter>
    </ClCompile>
    <ClCompile Include="..\..\DialogTools\CsvFieldConfDlg.cpp">
      <Filter>DialogTools</Filter>
    </ClCompile>
    <ClCompile Include="..\..\DialogTools\ReportBugDlg.cpp">
      <Filter>DialogTools</Filter>
    </ClCompile>
    <ClCompile Include="..\..\Explore\ConditionalClusterMapView.cpp">
      <Filter>Explore</Filter>
    </ClCompile>
    <ClCompile Include="..\..\Explore\LocalGearyCoordinator.cpp">
      <Filter>Explore</Filter>
    </ClCompile>
    <ClCompile Include="..\..\Explore\LocalGearyMapNewView.cpp">
      <Filter>Explore</Filter>
    </ClCompile>
    <ClCompile Include="..\..\DialogTools\HClusterDlg.cpp">
      <Filter>DialogTools</Filter>
    </ClCompile>
    <ClCompile Include="..\..\DialogTools\KMeansDlg.cpp">
      <Filter>DialogTools</Filter>
    </ClCompile>
    <ClCompile Include="..\..\Algorithms\cluster.cpp">
      <Filter>Algorithms</Filter>
    </ClCompile>
    <ClCompile Include="..\..\Algorithms\maxp.cpp">
      <Filter>Algorithms</Filter>
    </ClCompile>
    <ClCompile Include="..\..\Algorithms\pca.cpp">
      <Filter>Algorithms</Filter>
    </ClCompile>
    <ClCompile Include="..\..\DialogTools\MaxpDlg.cpp">
      <Filter>DialogTools</Filter>
    </ClCompile>
    <ClCompile Include="..\..\Algorithms\spectral.cpp">
      <Filter>Algorithms</Filter>
    </ClCompile>
    <ClCompile Include="..\..\DialogTools\SpectralClusteringDlg.cpp">
      <Filter>DialogTools</Filter>
    </ClCompile>
    <ClCompile Include="..\..\Algorithms\geocoding.cpp">
      <Filter>Algorithms</Filter>
    </ClCompile>
    <ClCompile Include="..\..\Algorithms\redcap.cpp">
      <Filter>Algorithms</Filter>
    </ClCompile>
    <ClCompile Include="..\..\DialogTools\GeocodingDlg.cpp">
      <Filter>DialogTools</Filter>
    </ClCompile>
    <ClCompile Include="..\..\DialogTools\MDSDlg.cpp">
      <Filter>DialogTools</Filter>
    </ClCompile>
    <ClCompile Include="..\..\DialogTools\RedcapDlg.cpp">
      <Filter>DialogTools</Filter>
    </ClCompile>
    <ClCompile Include="..\..\DialogTools\AbstractClusterDlg.cpp">
      <Filter>DialogTools</Filter>
    </ClCompile>
    <ClCompile Include="..\..\DialogTools\AggregateDlg.cpp">
      <Filter>DialogTools</Filter>
    </ClCompile>
    <ClCompile Include="..\..\DialogTools\FieldNewCalcDateTimeDlg.cpp">
      <Filter>DialogTools</Filter>
    </ClCompile>
    <ClCompile Include="..\..\Explore\ColocationMapView.cpp">
      <Filter>Explore</Filter>
    </ClCompile>
    <ClCompile Include="..\..\DialogTools\PCASettingsDlg.cpp">
      <Filter>DialogTools</Filter>
    </ClCompile>
    <ClCompile Include="..\..\Explore\MLJCMapNewView.cpp">
      <Filter>Explore</Filter>
    </ClCompile>
    <ClCompile Include="..\..\Explore\MLJCCoordinator.cpp">
      <Filter>Explore</Filter>
    </ClCompile>
    <ClCompile Include="..\..\Algorithms\mds.cpp">
      <Filter>Algorithms</Filter>
    </ClCompile>
    <ClCompile Include="..\..\Algorithms\skater.cpp">
      <Filter>Algorithms</Filter>
    </ClCompile>
    <ClCompile Include="..\..\DialogTools\SkaterDlg.cpp">
      <Filter>DialogTools</Filter>
    </ClCompile>
    <ClCompile Include="..\..\DialogTools\PreferenceDlg.cpp">
      <Filter>DialogTools</Filter>
    </ClCompile>
    <ClCompile Include="..\..\Explore\AbstractClusterMap.cpp">
      <Filter>Explore</Filter>
    </ClCompile>
    <ClCompile Include="..\..\Explore\AbstractCoordinator.cpp">
      <Filter>Explore</Filter>
    </ClCompile>
    <ClCompile Include="..\..\io\arcgis_swm.cpp">
      <Filter>io</Filter>
    </ClCompile>
    <ClCompile Include="..\..\io\matlab_mat.cpp">
      <Filter>io</Filter>
    </ClCompile>
    <ClCompile Include="..\..\io\MatfileReader.cpp">
      <Filter>io</Filter>
    </ClCompile>
    <ClCompile Include="..\..\wxTranslationHelper.cpp" />
    <ClCompile Include="..\..\Algorithms\hdbscan.cpp">
      <Filter>Algorithms</Filter>
    </ClCompile>
    <ClCompile Include="..\..\DialogTools\HDBScanDlg.cpp">
      <Filter>DialogTools</Filter>
    </ClCompile>
    <ClCompile Include="..\..\kNN\ANN.cpp">
      <Filter>kNN</Filter>
    </ClCompile>
    <ClCompile Include="..\..\kNN\kd_pr_search.cpp">
      <Filter>kNN</Filter>
    </ClCompile>
    <ClCompile Include="..\..\kNN\kd_search.cpp">
      <Filter>kNN</Filter>
    </ClCompile>
    <ClCompile Include="..\..\kNN\kd_split.cpp">
      <Filter>kNN</Filter>
    </ClCompile>
    <ClCompile Include="..\..\kNN\kd_tree.cpp">
      <Filter>kNN</Filter>
    </ClCompile>
    <ClCompile Include="..\..\kNN\kd_util.cpp">
      <Filter>kNN</Filter>
    </ClCompile>
    <ClCompile Include="..\..\kNN\kNN.cpp">
      <Filter>kNN</Filter>
    </ClCompile>
    <ClCompile Include="..\..\Algorithms\distmatrix.cpp">
      <Filter>Algorithms</Filter>
    </ClCompile>
    <ClCompile Include="..\..\Algorithms\fastcluster.cpp">
      <Filter>Algorithms</Filter>
    </ClCompile>
    <ClCompile Include="..\..\Algorithms\gpu_lisa.cpp">
      <Filter>Algorithms</Filter>
    </ClCompile>
    <ClCompile Include="..\..\arizona\viz3\mathstuff.cpp">
      <Filter>arizona\viz3</Filter>
    </ClCompile>
    <ClCompile Include="..\..\arizona\viz3\oglpfuncs.cpp">
      <Filter>arizona\viz3</Filter>
    </ClCompile>
    <ClCompile Include="..\..\arizona\viz3\oglstuff.cpp">
      <Filter>arizona\viz3</Filter>
    </ClCompile>
    <ClCompile Include="..\..\arizona\viz3\plots\scatterplot.cpp">
      <Filter>arizona\viz3\plots</Filter>
    </ClCompile>
    <ClCompile Include="..\..\ogl\basic.cpp">
      <Filter>ogl</Filter>
    </ClCompile>
    <ClCompile Include="..\..\ogl\basic2.cpp">
      <Filter>ogl</Filter>
    </ClCompile>
    <ClCompile Include="..\..\ogl\bmpshape.cpp">
      <Filter>ogl</Filter>
    </ClCompile>
    <ClCompile Include="..\..\ogl\canvas.cpp">
      <Filter>ogl</Filter>
    </ClCompile>
    <ClCompile Include="..\..\ogl\composit.cpp">
      <Filter>ogl</Filter>
    </ClCompile>
    <ClCompile Include="..\..\ogl\constrnt.cpp">
      <Filter>ogl</Filter>
    </ClCompile>
    <ClCompile Include="..\..\ogl\divided.cpp">
      <Filter>ogl</Filter>
    </ClCompile>
    <ClCompile Include="..\..\ogl\drawn.cpp">
      <Filter>ogl</Filter>
    </ClCompile>
    <ClCompile Include="..\..\ogl\lines.cpp">
      <Filter>ogl</Filter>
    </ClCompile>
    <ClCompile Include="..\..\ogl\mfutils.cpp">
      <Filter>ogl</Filter>
    </ClCompile>
    <ClCompile Include="..\..\ogl\ogldiag.cpp">
      <Filter>ogl</Filter>
    </ClCompile>
    <ClCompile Include="..\..\ogl\oglmisc.cpp">
      <Filter>ogl</Filter>
    </ClCompile>
    <ClCompile Include="..\..\Explore\MapLayoutView.cpp">
      <Filter>Explore</Filter>
    </ClCompile>
    <ClCompile Include="..\..\Explore\MapLayer.cpp">
      <Filter>Explore</Filter>
    </ClCompile>
  </ItemGroup>
</Project>