<?xml version="1.0" encoding="utf-8"?>
<Project ToolsVersion="4.0" xmlns="http://schemas.microsoft.com/developer/msbuild/2003">
  <ItemGroup>
    <Filter Include="Source Files">
      <UniqueIdentifier>{3b124172-e375-43a5-b2b7-8a0c62db34f1}</UniqueIdentifier>
      <Extensions>cpp;c;cxx;rc;def;r;odl;idl;hpj;bat</Extensions>
    </Filter>
    <Filter Include="Header Files">
      <UniqueIdentifier>{c3dfce82-6f37-4fc7-b0ea-dcef678a0fa5}</UniqueIdentifier>
      <Extensions>h;hpp;hxx;hm;inl</Extensions>
    </Filter>
  </ItemGroup>
  <ItemGroup>
    <ClCompile Include="Src\caxpy.c">
      <Filter>Source Files</Filter>
    </ClCompile>
    <ClCompile Include="Src\ccopy.c">
      <Filter>Source Files</Filter>
    </ClCompile>
    <ClCompile Include="Src\cdotc.c">
      <Filter>Source Files</Filter>
    </ClCompile>
    <ClCompile Include="Src\cdotu.c">
      <Filter>Source Files</Filter>
    </ClCompile>
    <ClCompile Include="Src\cgbmv.c">
      <Filter>Source Files</Filter>
    </ClCompile>
    <ClCompile Include="Src\cgemm.c">
      <Filter>Source Files</Filter>
    </ClCompile>
    <ClCompile Include="Src\cgemv.c">
      <Filter>Source Files</Filter>
    </ClCompile>
    <ClCompile Include="Src\cgerc.c">
      <Filter>Source Files</Filter>
    </ClCompile>
    <ClCompile Include="Src\cgeru.c">
      <Filter>Source Files</Filter>
    </ClCompile>
    <ClCompile Include="Src\chbmv.c">
      <Filter>Source Files</Filter>
    </ClCompile>
    <ClCompile Include="Src\chemm.c">
      <Filter>Source Files</Filter>
    </ClCompile>
    <ClCompile Include="Src\chemv.c">
      <Filter>Source Files</Filter>
    </ClCompile>
    <ClCompile Include="Src\cher.c">
      <Filter>Source Files</Filter>
    </ClCompile>
    <ClCompile Include="Src\cher2.c">
      <Filter>Source Files</Filter>
    </ClCompile>
    <ClCompile Include="Src\cher2k.c">
      <Filter>Source Files</Filter>
    </ClCompile>
    <ClCompile Include="Src\cherk.c">
      <Filter>Source Files</Filter>
    </ClCompile>
    <ClCompile Include="Src\chpmv.c">
      <Filter>Source Files</Filter>
    </ClCompile>
    <ClCompile Include="Src\chpr.c">
      <Filter>Source Files</Filter>
    </ClCompile>
    <ClCompile Include="Src\chpr2.c">
      <Filter>Source Files</Filter>
    </ClCompile>
    <ClCompile Include="Src\crotg.c">
      <Filter>Source Files</Filter>
    </ClCompile>
    <ClCompile Include="Src\cscal.c">
      <Filter>Source Files</Filter>
    </ClCompile>
    <ClCompile Include="Src\csscal.c">
      <Filter>Source Files</Filter>
    </ClCompile>
    <ClCompile Include="Src\cswap.c">
      <Filter>Source Files</Filter>
    </ClCompile>
    <ClCompile Include="Src\csymm.c">
      <Filter>Source Files</Filter>
    </ClCompile>
    <ClCompile Include="Src\csyr2k.c">
      <Filter>Source Files</Filter>
    </ClCompile>
    <ClCompile Include="Src\csyrk.c">
      <Filter>Source Files</Filter>
    </ClCompile>
    <ClCompile Include="Src\ctbmv.c">
      <Filter>Source Files</Filter>
    </ClCompile>
    <ClCompile Include="Src\ctbsv.c">
      <Filter>Source Files</Filter>
    </ClCompile>
    <ClCompile Include="Src\ctpmv.c">
      <Filter>Source Files</Filter>
    </ClCompile>
    <ClCompile Include="Src\ctpsv.c">
      <Filter>Source Files</Filter>
    </ClCompile>
    <ClCompile Include="Src\ctrmm.c">
      <Filter>Source Files</Filter>
    </ClCompile>
    <ClCompile Include="Src\ctrmv.c">
      <Filter>Source Files</Filter>
    </ClCompile>
    <ClCompile Include="Src\ctrsm.c">
      <Filter>Source Files</Filter>
    </ClCompile>
    <ClCompile Include="Src\ctrsv.c">
      <Filter>Source Files</Filter>
    </ClCompile>
    <ClCompile Include="Src\dasum.c">
      <Filter>Source Files</Filter>
    </ClCompile>
    <ClCompile Include="Src\daxpy.c">
      <Filter>Source Files</Filter>
    </ClCompile>
    <ClCompile Include="Src\dcabs1.c">
      <Filter>Source Files</Filter>
    </ClCompile>
    <ClCompile Include="Src\dcopy.c">
      <Filter>Source Files</Filter>
    </ClCompile>
    <ClCompile Include="Src\ddot.c">
      <Filter>Source Files</Filter>
    </ClCompile>
    <ClCompile Include="Src\dgbmv.c">
      <Filter>Source Files</Filter>
    </ClCompile>
    <ClCompile Include="Src\dgemm.c">
      <Filter>Source Files</Filter>
    </ClCompile>
    <ClCompile Include="Src\dgemv.c">
      <Filter>Source Files</Filter>
    </ClCompile>
    <ClCompile Include="Src\dger.c">
      <Filter>Source Files</Filter>
    </ClCompile>
    <ClCompile Include="Src\dnrm2.c">
      <Filter>Source Files</Filter>
    </ClCompile>
    <ClCompile Include="Src\drot.c">
      <Filter>Source Files</Filter>
    </ClCompile>
    <ClCompile Include="Src\drotg.c">
      <Filter>Source Files</Filter>
    </ClCompile>
    <ClCompile Include="Src\dsbmv.c">
      <Filter>Source Files</Filter>
    </ClCompile>
    <ClCompile Include="Src\dscal.c">
      <Filter>Source Files</Filter>
    </ClCompile>
    <ClCompile Include="Src\dspmv.c">
      <Filter>Source Files</Filter>
    </ClCompile>
    <ClCompile Include="Src\dspr.c">
      <Filter>Source Files</Filter>
    </ClCompile>
    <ClCompile Include="Src\dspr2.c">
      <Filter>Source Files</Filter>
    </ClCompile>
    <ClCompile Include="Src\dswap.c">
      <Filter>Source Files</Filter>
    </ClCompile>
    <ClCompile Include="Src\dsymm.c">
      <Filter>Source Files</Filter>
    </ClCompile>
    <ClCompile Include="Src\dsymv.c">
      <Filter>Source Files</Filter>
    </ClCompile>
    <ClCompile Include="Src\dsyr.c">
      <Filter>Source Files</Filter>
    </ClCompile>
    <ClCompile Include="Src\dsyr2.c">
      <Filter>Source Files</Filter>
    </ClCompile>
    <ClCompile Include="Src\dsyr2k.c">
      <Filter>Source Files</Filter>
    </ClCompile>
    <ClCompile Include="Src\dsyrk.c">
      <Filter>Source Files</Filter>
    </ClCompile>
    <ClCompile Include="Src\dtbmv.c">
      <Filter>Source Files</Filter>
    </ClCompile>
    <ClCompile Include="Src\dtbsv.c">
      <Filter>Source Files</Filter>
    </ClCompile>
    <ClCompile Include="Src\dtpmv.c">
      <Filter>Source Files</Filter>
    </ClCompile>
    <ClCompile Include="Src\dtpsv.c">
      <Filter>Source Files</Filter>
    </ClCompile>
    <ClCompile Include="Src\dtrmm.c">
      <Filter>Source Files</Filter>
    </ClCompile>
    <ClCompile Include="Src\dtrmv.c">
      <Filter>Source Files</Filter>
    </ClCompile>
    <ClCompile Include="Src\dtrsm.c">
      <Filter>Source Files</Filter>
    </ClCompile>
    <ClCompile Include="Src\dtrsv.c">
      <Filter>Source Files</Filter>
    </ClCompile>
    <ClCompile Include="Src\dzasum.c">
      <Filter>Source Files</Filter>
    </ClCompile>
    <ClCompile Include="Src\dznrm2.c">
      <Filter>Source Files</Filter>
    </ClCompile>
    <ClCompile Include="Src\icamax.c">
      <Filter>Source Files</Filter>
    </ClCompile>
    <ClCompile Include="Src\idamax.c">
      <Filter>Source Files</Filter>
    </ClCompile>
    <ClCompile Include="Src\isamax.c">
      <Filter>Source Files</Filter>
    </ClCompile>
    <ClCompile Include="Src\izamax.c">
      <Filter>Source Files</Filter>
    </ClCompile>
    <ClCompile Include="Src\lsame.c">
      <Filter>Source Files</Filter>
    </ClCompile>
    <ClCompile Include="Src\sasum.c">
      <Filter>Source Files</Filter>
    </ClCompile>
    <ClCompile Include="Src\saxpy.c">
      <Filter>Source Files</Filter>
    </ClCompile>
    <ClCompile Include="SRC\scabs1.c">
      <Filter>Source Files</Filter>
    </ClCompile>
    <ClCompile Include="Src\scasum.c">
      <Filter>Source Files</Filter>
    </ClCompile>
    <ClCompile Include="Src\scnrm2.c">
      <Filter>Source Files</Filter>
    </ClCompile>
    <ClCompile Include="Src\scopy.c">
      <Filter>Source Files</Filter>
    </ClCompile>
    <ClCompile Include="Src\sdot.c">
      <Filter>Source Files</Filter>
    </ClCompile>
    <ClCompile Include="Src\sgbmv.c">
      <Filter>Source Files</Filter>
    </ClCompile>
    <ClCompile Include="Src\sgemm.c">
      <Filter>Source Files</Filter>
    </ClCompile>
    <ClCompile Include="Src\sgemv.c">
      <Filter>Source Files</Filter>
    </ClCompile>
    <ClCompile Include="Src\sger.c">
      <Filter>Source Files</Filter>
    </ClCompile>
    <ClCompile Include="Src\snrm2.c">
      <Filter>Source Files</Filter>
    </ClCompile>
    <ClCompile Include="Src\srot.c">
      <Filter>Source Files</Filter>
    </ClCompile>
    <ClCompile Include="Src\srotg.c">
      <Filter>Source Files</Filter>
    </ClCompile>
    <ClCompile Include="Src\ssbmv.c">
      <Filter>Source Files</Filter>
    </ClCompile>
    <ClCompile Include="Src\sscal.c">
      <Filter>Source Files</Filter>
    </ClCompile>
    <ClCompile Include="Src\sspmv.c">
      <Filter>Source Files</Filter>
    </ClCompile>
    <ClCompile Include="Src\sspr.c">
      <Filter>Source Files</Filter>
    </ClCompile>
    <ClCompile Include="Src\sspr2.c">
      <Filter>Source Files</Filter>
    </ClCompile>
    <ClCompile Include="Src\sswap.c">
      <Filter>Source Files</Filter>
    </ClCompile>
    <ClCompile Include="Src\ssymm.c">
      <Filter>Source Files</Filter>
    </ClCompile>
    <ClCompile Include="Src\ssymv.c">
      <Filter>Source Files</Filter>
    </ClCompile>
    <ClCompile Include="Src\ssyr.c">
      <Filter>Source Files</Filter>
    </ClCompile>
    <ClCompile Include="Src\ssyr2.c">
      <Filter>Source Files</Filter>
    </ClCompile>
    <ClCompile Include="Src\ssyr2k.c">
      <Filter>Source Files</Filter>
    </ClCompile>
    <ClCompile Include="Src\ssyrk.c">
      <Filter>Source Files</Filter>
    </ClCompile>
    <ClCompile Include="Src\stbmv.c">
      <Filter>Source Files</Filter>
    </ClCompile>
    <ClCompile Include="Src\stbsv.c">
      <Filter>Source Files</Filter>
    </ClCompile>
    <ClCompile Include="Src\stpmv.c">
      <Filter>Source Files</Filter>
    </ClCompile>
    <ClCompile Include="Src\stpsv.c">
      <Filter>Source Files</Filter>
    </ClCompile>
    <ClCompile Include="Src\strmm.c">
      <Filter>Source Files</Filter>
    </ClCompile>
    <ClCompile Include="Src\strmv.c">
      <Filter>Source Files</Filter>
    </ClCompile>
    <ClCompile Include="Src\strsm.c">
      <Filter>Source Files</Filter>
    </ClCompile>
    <ClCompile Include="Src\strsv.c">
      <Filter>Source Files</Filter>
    </ClCompile>
    <ClCompile Include="Src\xerbla.c">
      <Filter>Source Files</Filter>
    </ClCompile>
    <ClCompile Include="Src\zaxpy.c">
      <Filter>Source Files</Filter>
    </ClCompile>
    <ClCompile Include="Src\zcopy.c">
      <Filter>Source Files</Filter>
    </ClCompile>
    <ClCompile Include="Src\zdotc.c">
      <Filter>Source Files</Filter>
    </ClCompile>
    <ClCompile Include="Src\zdotu.c">
      <Filter>Source Files</Filter>
    </ClCompile>
    <ClCompile Include="Src\zdscal.c">
      <Filter>Source Files</Filter>
    </ClCompile>
    <ClCompile Include="Src\zgbmv.c">
      <Filter>Source Files</Filter>
    </ClCompile>
    <ClCompile Include="Src\zgemm.c">
      <Filter>Source Files</Filter>
    </ClCompile>
    <ClCompile Include="Src\zgemv.c">
      <Filter>Source Files</Filter>
    </ClCompile>
    <ClCompile Include="Src\zgerc.c">
      <Filter>Source Files</Filter>
    </ClCompile>
    <ClCompile Include="Src\zgeru.c">
      <Filter>Source Files</Filter>
    </ClCompile>
    <ClCompile Include="Src\zhbmv.c">
      <Filter>Source Files</Filter>
    </ClCompile>
    <ClCompile Include="Src\zhemm.c">
      <Filter>Source Files</Filter>
    </ClCompile>
    <ClCompile Include="Src\zhemv.c">
      <Filter>Source Files</Filter>
    </ClCompile>
    <ClCompile Include="Src\zher.c">
      <Filter>Source Files</Filter>
    </ClCompile>
    <ClCompile Include="Src\zher2.c">
      <Filter>Source Files</Filter>
    </ClCompile>
    <ClCompile Include="Src\zher2k.c">
      <Filter>Source Files</Filter>
    </ClCompile>
    <ClCompile Include="Src\zherk.c">
      <Filter>Source Files</Filter>
    </ClCompile>
    <ClCompile Include="Src\zhpmv.c">
      <Filter>Source Files</Filter>
    </ClCompile>
    <ClCompile Include="Src\zhpr.c">
      <Filter>Source Files</Filter>
    </ClCompile>
    <ClCompile Include="Src\zhpr2.c">
      <Filter>Source Files</Filter>
    </ClCompile>
    <ClCompile Include="Src\zrotg.c">
      <Filter>Source Files</Filter>
    </ClCompile>
    <ClCompile Include="Src\zscal.c">
      <Filter>Source Files</Filter>
    </ClCompile>
    <ClCompile Include="Src\zswap.c">
      <Filter>Source Files</Filter>
    </ClCompile>
    <ClCompile Include="Src\zsymm.c">
      <Filter>Source Files</Filter>
    </ClCompile>
    <ClCompile Include="Src\zsyr2k.c">
      <Filter>Source Files</Filter>
    </ClCompile>
    <ClCompile Include="Src\zsyrk.c">
      <Filter>Source Files</Filter>
    </ClCompile>
    <ClCompile Include="Src\ztbmv.c">
      <Filter>Source Files</Filter>
    </ClCompile>
    <ClCompile Include="Src\ztbsv.c">
      <Filter>Source Files</Filter>
    </ClCompile>
    <ClCompile Include="Src\ztpmv.c">
      <Filter>Source Files</Filter>
    </ClCompile>
    <ClCompile Include="Src\ztpsv.c">
      <Filter>Source Files</Filter>
    </ClCompile>
    <ClCompile Include="Src\ztrmm.c">
      <Filter>Source Files</Filter>
    </ClCompile>
    <ClCompile Include="Src\ztrmv.c">
      <Filter>Source Files</Filter>
    </ClCompile>
    <ClCompile Include="Src\ztrsm.c">
      <Filter>Source Files</Filter>
    </ClCompile>
    <ClCompile Include="Src\ztrsv.c">
      <Filter>Source Files</Filter>
    </ClCompile>
  </ItemGroup>
  <ItemGroup>
    <ClInclude Include="SRC\blaswrap.h">
      <Filter>Header Files</Filter>
    </ClInclude>
    <ClInclude Include="SRC\f2c.h">
      <Filter>Header Files</Filter>
    </ClInclude>
  </ItemGroup>
</Project>