
Microsoft Visual Studio Solution File, Format Version 10.00
# Visual Studio 2008
Project("{8BC9CEB8-8B4A-11D0-8D11-00A0C91BC942}") = "GeoDa", "GeoDa.vcproj", "{B3CB134F-61C6-48C7-B6E4-353AC473A467}"
EndProject
Project("{8BC9CEB8-8B4A-11D0-8D11-00A0C91BC942}") = "DataViewer", "DataViewer.vcproj", "{6AFB7267-F908-4CF8-BFEB-63192D77B11C}"
EndProject
Global
	GlobalSection(SolutionConfigurationPlatforms) = preSolution
		Debug|Win32 = Debug|Win32
		Release|Win32 = Release|Win32
	EndGlobalSection
	GlobalSection(ProjectConfigurationPlatforms) = postSolution
		{B3CB134F-61C6-48C7-B6E4-353AC473A467}.Debug|Win32.ActiveCfg = Debug|Win32
		{B3CB134F-61C6-48C7-B6E4-353AC473A467}.Debug|Win32.Build.0 = Debug|Win32
		{B3CB134F-61C6-48C7-B6E4-353AC473A467}.Release|Win32.ActiveCfg = Release|Win32
		{B3CB134F-61C6-48C7-B6E4-353AC473A467}.Release|Win32.Build.0 = Release|Win32
		{6AFB7267-F908-4CF8-BFEB-63192D77B11C}.Debug|Win32.ActiveCfg = Debug|Win32
		{6AFB7267-F908-4CF8-BFEB-63192D77B11C}.Debug|Win32.Build.0 = Debug|Win32
		{6AFB7267-F908-4CF8-BFEB-63192D77B11C}.Release|Win32.ActiveCfg = Release|Win32
		{6AFB7267-F908-4CF8-BFEB-63192D77B11C}.Release|Win32.Build.0 = Release|Win32
	EndGlobalSection
	GlobalSection(SolutionProperties) = preSolution
		HideSolutionNode = FALSE
	EndGlobalSection
EndGlobal
